// !$*UTF8*$!
{
	archiveVersion = 1;
	classes = {
	};
	objectVersion = 46;
	objects = {

/* Begin PBXBuildFile section */
		03C957C001092627CE7C8646 /* Pods_WTKWineNewUITests.framework in Frameworks */ = {isa = PBXBuildFile; fileRef = B365C3BA26A284FB691F4D8B /* Pods_WTKWineNewUITests.framework */; };
		097B300DA60214779E3F1CFE /* Pods_WTKWineNew.framework in Frameworks */ = {isa = PBXBuildFile; fileRef = 5C3A666B90EE7EF4E046EED1 /* Pods_WTKWineNew.framework */; };
		9B38B5721EB9E4FF00CD1ADA /* WTKGood.m in Sources */ = {isa = PBXBuildFile; fileRef = 9B38B5711EB9E4FF00CD1ADA /* WTKGood.m */; };
		9BD3837E1EA8B10E00CE33FB /* IQNSArray+Sort.m in Sources */ = {isa = PBXBuildFile; fileRef = 9BD3835C1EA8B10E00CE33FB /* IQNSArray+Sort.m */; };
		9BD3837F1EA8B10E00CE33FB /* IQUITextFieldView+Additions.m in Sources */ = {isa = PBXBuildFile; fileRef = 9BD3835E1EA8B10E00CE33FB /* IQUITextFieldView+Additions.m */; };
		9BD383801EA8B10E00CE33FB /* IQUIView+Hierarchy.m in Sources */ = {isa = PBXBuildFile; fileRef = 9BD383601EA8B10E00CE33FB /* IQUIView+Hierarchy.m */; };
		9BD383811EA8B10E00CE33FB /* IQUIViewController+Additions.m in Sources */ = {isa = PBXBuildFile; fileRef = 9BD383621EA8B10E00CE33FB /* IQUIViewController+Additions.m */; };
		9BD383821EA8B10E00CE33FB /* IQUIWindow+Hierarchy.m in Sources */ = {isa = PBXBuildFile; fileRef = 9BD383641EA8B10E00CE33FB /* IQUIWindow+Hierarchy.m */; };
		9BD383831EA8B10E00CE33FB /* IQKeyboardManager.m in Sources */ = {isa = PBXBuildFile; fileRef = 9BD383691EA8B10E00CE33FB /* IQKeyboardManager.m */; };
		9BD383841EA8B10E00CE33FB /* IQKeyboardReturnKeyHandler.m in Sources */ = {isa = PBXBuildFile; fileRef = 9BD3836B1EA8B10E00CE33FB /* IQKeyboardReturnKeyHandler.m */; };
		9BD383851EA8B10E00CE33FB /* IQSegmentedNextPrevious.m in Sources */ = {isa = PBXBuildFile; fileRef = 9BD3836E1EA8B10E00CE33FB /* IQSegmentedNextPrevious.m */; };
		9BD383861EA8B10E00CE33FB /* IQTextView.m in Sources */ = {isa = PBXBuildFile; fileRef = 9BD383711EA8B10E00CE33FB /* IQTextView.m */; };
		9BD383871EA8B10E00CE33FB /* IQBarButtonItem.m in Sources */ = {isa = PBXBuildFile; fileRef = 9BD383741EA8B10E00CE33FB /* IQBarButtonItem.m */; };
		9BD383881EA8B10E00CE33FB /* IQTitleBarButtonItem.m in Sources */ = {isa = PBXBuildFile; fileRef = 9BD383761EA8B10E00CE33FB /* IQTitleBarButtonItem.m */; };
		9BD383891EA8B10E00CE33FB /* IQToolbar.m in Sources */ = {isa = PBXBuildFile; fileRef = 9BD383781EA8B10E00CE33FB /* IQToolbar.m */; };
		9BD3838A1EA8B10E00CE33FB /* IQUIView+IQKeyboardToolbar.m in Sources */ = {isa = PBXBuildFile; fileRef = 9BD3837A1EA8B10E00CE33FB /* IQUIView+IQKeyboardToolbar.m */; };
		9BD3838B1EA8B10E00CE33FB /* IQKeyboardManager.bundle in Resources */ = {isa = PBXBuildFile; fileRef = 9BD3837D1EA8B10E00CE33FB /* IQKeyboardManager.bundle */; };
		9BD383B11EA8BC0C00CE33FB /* WTKCommon.m in Sources */ = {isa = PBXBuildFile; fileRef = 9BD383B01EA8BC0C00CE33FB /* WTKCommon.m */; };
		9BD383B51EA8BE1700CE33FB /* WTKTabBarController.m in Sources */ = {isa = PBXBuildFile; fileRef = 9BD383B41EA8BE1700CE33FB /* WTKTabBarController.m */; };
		9BD383B81EA8BF5B00CE33FB /* WTKNavigationController.m in Sources */ = {isa = PBXBuildFile; fileRef = 9BD383B71EA8BF5B00CE33FB /* WTKNavigationController.m */; };
		9BEFB4EB1EE154C100329220 /* WTKCategoryVC.m in Sources */ = {isa = PBXBuildFile; fileRef = 9BEFB4EA1EE154C100329220 /* WTKCategoryVC.m */; };
		9BF03EC61EB869C300F90B6F /* HomeData in Resources */ = {isa = PBXBuildFile; fileRef = 9BF03EC51EB869C300F90B6F /* HomeData */; };
		9BF03EC81EB869DA00F90B6F /* HomeHead in Resources */ = {isa = PBXBuildFile; fileRef = 9BF03EC71EB869DA00F90B6F /* HomeHead */; };
		9BF55A951EA7813400CF3E9F /* main.m in Sources */ = {isa = PBXBuildFile; fileRef = 9BF55A941EA7813400CF3E9F /* main.m */; };
		9BF55A981EA7813400CF3E9F /* AppDelegate.m in Sources */ = {isa = PBXBuildFile; fileRef = 9BF55A971EA7813400CF3E9F /* AppDelegate.m */; };
		9BF55AA01EA7813400CF3E9F /* Assets.xcassets in Resources */ = {isa = PBXBuildFile; fileRef = 9BF55A9F1EA7813400CF3E9F /* Assets.xcassets */; };
		9BF55AA31EA7813400CF3E9F /* LaunchScreen.storyboard in Resources */ = {isa = PBXBuildFile; fileRef = 9BF55AA11EA7813400CF3E9F /* LaunchScreen.storyboard */; };
		9BF55AAE1EA7813400CF3E9F /* WTKWineNewTests.m in Sources */ = {isa = PBXBuildFile; fileRef = 9BF55AAD1EA7813400CF3E9F /* WTKWineNewTests.m */; };
		9BF55AB91EA7813400CF3E9F /* WTKWineNewUITests.m in Sources */ = {isa = PBXBuildFile; fileRef = 9BF55AB81EA7813400CF3E9F /* WTKWineNewUITests.m */; };
		9BF5F0DC1EBB000E005BBC48 /* WTKHomeCollectionView.m in Sources */ = {isa = PBXBuildFile; fileRef = 9BF5F0DB1EBB000E005BBC48 /* WTKHomeCollectionView.m */; };
		9BF5F0DF1EBB04AC005BBC48 /* WTKHomeCell.m in Sources */ = {isa = PBXBuildFile; fileRef = 9BF5F0DE1EBB04AC005BBC48 /* WTKHomeCell.m */; };
		9BF5F0E21EBB0500005BBC48 /* WTKHomeHeadView.m in Sources */ = {isa = PBXBuildFile; fileRef = 9BF5F0E11EBB0500005BBC48 /* WTKHomeHeadView.m */; };
		9BF5F0E51EBB28C2005BBC48 /* WTKGoodManagerView.m in Sources */ = {isa = PBXBuildFile; fileRef = 9BF5F0E41EBB28C2005BBC48 /* WTKGoodManagerView.m */; };
		9BF5F0FC1EBB3420005BBC48 /* UIButton+WTKBtn.m in Sources */ = {isa = PBXBuildFile; fileRef = 9BF5F0F11EBB3420005BBC48 /* UIButton+WTKBtn.m */; };
		9BF5F0FD1EBB3420005BBC48 /* UIColor+WTK.m in Sources */ = {isa = PBXBuildFile; fileRef = 9BF5F0F31EBB3420005BBC48 /* UIColor+WTK.m */; };
		9BF5F0FE1EBB3420005BBC48 /* UIFont+WTK.m in Sources */ = {isa = PBXBuildFile; fileRef = 9BF5F0F51EBB3420005BBC48 /* UIFont+WTK.m */; };
		9BF5F0FF1EBB3420005BBC48 /* UIImage+WTK.m in Sources */ = {isa = PBXBuildFile; fileRef = 9BF5F0F71EBB3420005BBC48 /* UIImage+WTK.m */; };
		9BF5F1001EBB3420005BBC48 /* UILabel+WTK.m in Sources */ = {isa = PBXBuildFile; fileRef = 9BF5F0F91EBB3420005BBC48 /* UILabel+WTK.m */; };
		9BF5F1011EBB3420005BBC48 /* UITextField+WTK.m in Sources */ = {isa = PBXBuildFile; fileRef = 9BF5F0FB1EBB3420005BBC48 /* UITextField+WTK.m */; };
		9BFDA8EC1EA9AA7200BFD2FD /* UIApplication+WTK.m in Sources */ = {isa = PBXBuildFile; fileRef = 9BFDA8DB1EA9AA7200BFD2FD /* UIApplication+WTK.m */; };
		9BFDA8ED1EA9AA7200BFD2FD /* UIViewController+WTKAnimationTransitioningSnapshot.m in Sources */ = {isa = PBXBuildFile; fileRef = 9BFDA8DD1EA9AA7200BFD2FD /* UIViewController+WTKAnimationTransitioningSnapshot.m */; };
		9BFDA8EE1EA9AA7200BFD2FD /* WTKAnimationDefault.m in Sources */ = {isa = PBXBuildFile; fileRef = 9BFDA8DF1EA9AA7200BFD2FD /* WTKAnimationDefault.m */; };
		9BFDA8EF1EA9AA7200BFD2FD /* WTKAnimationDiffNavi.m in Sources */ = {isa = PBXBuildFile; fileRef = 9BFDA8E11EA9AA7200BFD2FD /* WTKAnimationDiffNavi.m */; };
		9BFDA8F01EA9AA7200BFD2FD /* WTKAnimationKuGou.m in Sources */ = {isa = PBXBuildFile; fileRef = 9BFDA8E31EA9AA7200BFD2FD /* WTKAnimationKuGou.m */; };
		9BFDA8F11EA9AA7200BFD2FD /* WTKAnimationOval.m in Sources */ = {isa = PBXBuildFile; fileRef = 9BFDA8E51EA9AA7200BFD2FD /* WTKAnimationOval.m */; };
		9BFDA8F21EA9AA7200BFD2FD /* WTKAnimationRound.m in Sources */ = {isa = PBXBuildFile; fileRef = 9BFDA8E71EA9AA7200BFD2FD /* WTKAnimationRound.m */; };
		9BFDA8F31EA9AA7200BFD2FD /* WTKBaseAnimation.m in Sources */ = {isa = PBXBuildFile; fileRef = 9BFDA8E91EA9AA7200BFD2FD /* WTKBaseAnimation.m */; };
		9BFDA8F41EA9AA7200BFD2FD /* WTKTouchManager.m in Sources */ = {isa = PBXBuildFile; fileRef = 9BFDA8EB1EA9AA7200BFD2FD /* WTKTouchManager.m */; };
		9BFDA8F71EA9AB1C00BFD2FD /* WTKBasedViewController.m in Sources */ = {isa = PBXBuildFile; fileRef = 9BFDA8F61EA9AB1C00BFD2FD /* WTKBasedViewController.m */; };
		9BFDA8FC1EA9B7D000BFD2FD /* RTRootNavigationController.m in Sources */ = {isa = PBXBuildFile; fileRef = 9BFDA8F91EA9B7D000BFD2FD /* RTRootNavigationController.m */; };
		9BFDA8FD1EA9B7D000BFD2FD /* UIViewController+RTRootNavigationController.m in Sources */ = {isa = PBXBuildFile; fileRef = 9BFDA8FB1EA9B7D000BFD2FD /* UIViewController+RTRootNavigationController.m */; };
		9BFDA9051EA9DA7B00BFD2FD /* RDVTabBar.m in Sources */ = {isa = PBXBuildFile; fileRef = 9BFDA9001EA9DA7B00BFD2FD /* RDVTabBar.m */; };
		9BFDA9061EA9DA7B00BFD2FD /* RDVTabBarController.m in Sources */ = {isa = PBXBuildFile; fileRef = 9BFDA9021EA9DA7B00BFD2FD /* RDVTabBarController.m */; };
		9BFDA9071EA9DA7B00BFD2FD /* RDVTabBarItem.m in Sources */ = {isa = PBXBuildFile; fileRef = 9BFDA9041EA9DA7B00BFD2FD /* RDVTabBarItem.m */; };
		9BFDA90A1EA9DAA800BFD2FD /* WTK_RDVTabBarController.m in Sources */ = {isa = PBXBuildFile; fileRef = 9BFDA9091EA9DAA800BFD2FD /* WTK_RDVTabBarController.m */; };
		9BFDA9261EA9E07300BFD2FD /* WTKHomeVC.m in Sources */ = {isa = PBXBuildFile; fileRef = 9BFDA9251EA9E07300BFD2FD /* WTKHomeVC.m */; };
		9BFDA92C1EA9E0EA00BFD2FD /* WTKFoundVC.m in Sources */ = {isa = PBXBuildFile; fileRef = 9BFDA92B1EA9E0EA00BFD2FD /* WTKFoundVC.m */; };
		9BFDA92F1EA9E0FF00BFD2FD /* WTKShoppingCarVC.m in Sources */ = {isa = PBXBuildFile; fileRef = 9BFDA92E1EA9E0FF00BFD2FD /* WTKShoppingCarVC.m */; };
		9BFDA9321EA9E11500BFD2FD /* WTKMeVC.m in Sources */ = {isa = PBXBuildFile; fileRef = 9BFDA9311EA9E11500BFD2FD /* WTKMeVC.m */; };
		9BFDA9351EA9F45700BFD2FD /* WTKBasedViewModel.m in Sources */ = {isa = PBXBuildFile; fileRef = 9BFDA9341EA9F45700BFD2FD /* WTKBasedViewModel.m */; };
		9BFDA9541EAA03F300BFD2FD /* WTKViewModelServices.m in Sources */ = {isa = PBXBuildFile; fileRef = 9BFDA9531EAA03F300BFD2FD /* WTKViewModelServices.m */; };
		9BFDA9571EAA060000BFD2FD /* WTKViewModelNavigationImpl.m in Sources */ = {isa = PBXBuildFile; fileRef = 9BFDA9561EAA060000BFD2FD /* WTKViewModelNavigationImpl.m */; };
		9BFDA9771EADFBEE00BFD2FD /* WTKHomeViewModel.m in Sources */ = {isa = PBXBuildFile; fileRef = 9BFDA9761EADFBEE00BFD2FD /* WTKHomeViewModel.m */; };
		9BFDA97B1EAE033F00BFD2FD /* WTKRequestManager.m in Sources */ = {isa = PBXBuildFile; fileRef = 9BFDA97A1EAE033F00BFD2FD /* WTKRequestManager.m */; };
		C0EE2974930E9403F0542066 /* Pods_WTKWineNewTests.framework in Frameworks */ = {isa = PBXBuildFile; fileRef = 44342412BC62666CBC79871F /* Pods_WTKWineNewTests.framework */; };
/* End PBXBuildFile section */

/* Begin PBXContainerItemProxy section */
		9BF55AAA1EA7813400CF3E9F /* PBXContainerItemProxy */ = {
			isa = PBXContainerItemProxy;
			containerPortal = 9BF55A881EA7813400CF3E9F /* Project object */;
			proxyType = 1;
			remoteGlobalIDString = 9BF55A8F1EA7813400CF3E9F;
			remoteInfo = WTKWineNew;
		};
		9BF55AB51EA7813400CF3E9F /* PBXContainerItemProxy */ = {
			isa = PBXContainerItemProxy;
			containerPortal = 9BF55A881EA7813400CF3E9F /* Project object */;
			proxyType = 1;
			remoteGlobalIDString = 9BF55A8F1EA7813400CF3E9F;
			remoteInfo = WTKWineNew;
		};
/* End PBXContainerItemProxy section */

/* Begin PBXFileReference section */
		047737C7E54DD182E1AC647F /* Pods-WTKWineNewTests.release.xcconfig */ = {isa = PBXFileReference; includeInIndex = 1; lastKnownFileType = text.xcconfig; name = "Pods-WTKWineNewTests.release.xcconfig"; path = "Pods/Target Support Files/Pods-WTKWineNewTests/Pods-WTKWineNewTests.release.xcconfig"; sourceTree = "<group>"; };
		05CB1A91AB83283675EA8A6E /* Pods-WTKWineNew.debug.xcconfig */ = {isa = PBXFileReference; includeInIndex = 1; lastKnownFileType = text.xcconfig; name = "Pods-WTKWineNew.debug.xcconfig"; path = "Pods/Target Support Files/Pods-WTKWineNew/Pods-WTKWineNew.debug.xcconfig"; sourceTree = "<group>"; };
		41522E3E3B1B254173B23BAC /* Pods-WTKWineNew.release.xcconfig */ = {isa = PBXFileReference; includeInIndex = 1; lastKnownFileType = text.xcconfig; name = "Pods-WTKWineNew.release.xcconfig"; path = "Pods/Target Support Files/Pods-WTKWineNew/Pods-WTKWineNew.release.xcconfig"; sourceTree = "<group>"; };
		44342412BC62666CBC79871F /* Pods_WTKWineNewTests.framework */ = {isa = PBXFileReference; explicitFileType = wrapper.framework; includeInIndex = 0; path = Pods_WTKWineNewTests.framework; sourceTree = BUILT_PRODUCTS_DIR; };
		5C3A666B90EE7EF4E046EED1 /* Pods_WTKWineNew.framework */ = {isa = PBXFileReference; explicitFileType = wrapper.framework; includeInIndex = 0; path = Pods_WTKWineNew.framework; sourceTree = BUILT_PRODUCTS_DIR; };
		77F015573FE72969E3714826 /* Pods-WTKWineNewUITests.debug.xcconfig */ = {isa = PBXFileReference; includeInIndex = 1; lastKnownFileType = text.xcconfig; name = "Pods-WTKWineNewUITests.debug.xcconfig"; path = "Pods/Target Support Files/Pods-WTKWineNewUITests/Pods-WTKWineNewUITests.debug.xcconfig"; sourceTree = "<group>"; };
		9B38B5701EB9E4FF00CD1ADA /* WTKGood.h */ = {isa = PBXFileReference; fileEncoding = 4; lastKnownFileType = sourcecode.c.h; path = WTKGood.h; sourceTree = "<group>"; };
		9B38B5711EB9E4FF00CD1ADA /* WTKGood.m */ = {isa = PBXFileReference; fileEncoding = 4; lastKnownFileType = sourcecode.c.objc; path = WTKGood.m; sourceTree = "<group>"; };
		9BD3835B1EA8B10E00CE33FB /* IQNSArray+Sort.h */ = {isa = PBXFileReference; fileEncoding = 4; lastKnownFileType = sourcecode.c.h; path = "IQNSArray+Sort.h"; sourceTree = "<group>"; };
		9BD3835C1EA8B10E00CE33FB /* IQNSArray+Sort.m */ = {isa = PBXFileReference; fileEncoding = 4; lastKnownFileType = sourcecode.c.objc; path = "IQNSArray+Sort.m"; sourceTree = "<group>"; };
		9BD3835D1EA8B10E00CE33FB /* IQUITextFieldView+Additions.h */ = {isa = PBXFileReference; fileEncoding = 4; lastKnownFileType = sourcecode.c.h; path = "IQUITextFieldView+Additions.h"; sourceTree = "<group>"; };
		9BD3835E1EA8B10E00CE33FB /* IQUITextFieldView+Additions.m */ = {isa = PBXFileReference; fileEncoding = 4; lastKnownFileType = sourcecode.c.objc; path = "IQUITextFieldView+Additions.m"; sourceTree = "<group>"; };
		9BD3835F1EA8B10E00CE33FB /* IQUIView+Hierarchy.h */ = {isa = PBXFileReference; fileEncoding = 4; lastKnownFileType = sourcecode.c.h; path = "IQUIView+Hierarchy.h"; sourceTree = "<group>"; };
		9BD383601EA8B10E00CE33FB /* IQUIView+Hierarchy.m */ = {isa = PBXFileReference; fileEncoding = 4; lastKnownFileType = sourcecode.c.objc; path = "IQUIView+Hierarchy.m"; sourceTree = "<group>"; };
		9BD383611EA8B10E00CE33FB /* IQUIViewController+Additions.h */ = {isa = PBXFileReference; fileEncoding = 4; lastKnownFileType = sourcecode.c.h; path = "IQUIViewController+Additions.h"; sourceTree = "<group>"; };
		9BD383621EA8B10E00CE33FB /* IQUIViewController+Additions.m */ = {isa = PBXFileReference; fileEncoding = 4; lastKnownFileType = sourcecode.c.objc; path = "IQUIViewController+Additions.m"; sourceTree = "<group>"; };
		9BD383631EA8B10E00CE33FB /* IQUIWindow+Hierarchy.h */ = {isa = PBXFileReference; fileEncoding = 4; lastKnownFileType = sourcecode.c.h; path = "IQUIWindow+Hierarchy.h"; sourceTree = "<group>"; };
		9BD383641EA8B10E00CE33FB /* IQUIWindow+Hierarchy.m */ = {isa = PBXFileReference; fileEncoding = 4; lastKnownFileType = sourcecode.c.objc; path = "IQUIWindow+Hierarchy.m"; sourceTree = "<group>"; };
		9BD383661EA8B10E00CE33FB /* IQKeyboardManagerConstants.h */ = {isa = PBXFileReference; fileEncoding = 4; lastKnownFileType = sourcecode.c.h; path = IQKeyboardManagerConstants.h; sourceTree = "<group>"; };
		9BD383671EA8B10E00CE33FB /* IQKeyboardManagerConstantsInternal.h */ = {isa = PBXFileReference; fileEncoding = 4; lastKnownFileType = sourcecode.c.h; path = IQKeyboardManagerConstantsInternal.h; sourceTree = "<group>"; };
		9BD383681EA8B10E00CE33FB /* IQKeyboardManager.h */ = {isa = PBXFileReference; fileEncoding = 4; lastKnownFileType = sourcecode.c.h; path = IQKeyboardManager.h; sourceTree = "<group>"; };
		9BD383691EA8B10E00CE33FB /* IQKeyboardManager.m */ = {isa = PBXFileReference; fileEncoding = 4; lastKnownFileType = sourcecode.c.objc; path = IQKeyboardManager.m; sourceTree = "<group>"; };
		9BD3836A1EA8B10E00CE33FB /* IQKeyboardReturnKeyHandler.h */ = {isa = PBXFileReference; fileEncoding = 4; lastKnownFileType = sourcecode.c.h; path = IQKeyboardReturnKeyHandler.h; sourceTree = "<group>"; };
		9BD3836B1EA8B10E00CE33FB /* IQKeyboardReturnKeyHandler.m */ = {isa = PBXFileReference; fileEncoding = 4; lastKnownFileType = sourcecode.c.objc; path = IQKeyboardReturnKeyHandler.m; sourceTree = "<group>"; };
		9BD3836D1EA8B10E00CE33FB /* IQSegmentedNextPrevious.h */ = {isa = PBXFileReference; fileEncoding = 4; lastKnownFileType = sourcecode.c.h; path = IQSegmentedNextPrevious.h; sourceTree = "<group>"; };
		9BD3836E1EA8B10E00CE33FB /* IQSegmentedNextPrevious.m */ = {isa = PBXFileReference; fileEncoding = 4; lastKnownFileType = sourcecode.c.objc; path = IQSegmentedNextPrevious.m; sourceTree = "<group>"; };
		9BD383701EA8B10E00CE33FB /* IQTextView.h */ = {isa = PBXFileReference; fileEncoding = 4; lastKnownFileType = sourcecode.c.h; path = IQTextView.h; sourceTree = "<group>"; };
		9BD383711EA8B10E00CE33FB /* IQTextView.m */ = {isa = PBXFileReference; fileEncoding = 4; lastKnownFileType = sourcecode.c.objc; path = IQTextView.m; sourceTree = "<group>"; };
		9BD383731EA8B10E00CE33FB /* IQBarButtonItem.h */ = {isa = PBXFileReference; fileEncoding = 4; lastKnownFileType = sourcecode.c.h; path = IQBarButtonItem.h; sourceTree = "<group>"; };
		9BD383741EA8B10E00CE33FB /* IQBarButtonItem.m */ = {isa = PBXFileReference; fileEncoding = 4; lastKnownFileType = sourcecode.c.objc; path = IQBarButtonItem.m; sourceTree = "<group>"; };
		9BD383751EA8B10E00CE33FB /* IQTitleBarButtonItem.h */ = {isa = PBXFileReference; fileEncoding = 4; lastKnownFileType = sourcecode.c.h; path = IQTitleBarButtonItem.h; sourceTree = "<group>"; };
		9BD383761EA8B10E00CE33FB /* IQTitleBarButtonItem.m */ = {isa = PBXFileReference; fileEncoding = 4; lastKnownFileType = sourcecode.c.objc; path = IQTitleBarButtonItem.m; sourceTree = "<group>"; };
		9BD383771EA8B10E00CE33FB /* IQToolbar.h */ = {isa = PBXFileReference; fileEncoding = 4; lastKnownFileType = sourcecode.c.h; path = IQToolbar.h; sourceTree = "<group>"; };
		9BD383781EA8B10E00CE33FB /* IQToolbar.m */ = {isa = PBXFileReference; fileEncoding = 4; lastKnownFileType = sourcecode.c.objc; path = IQToolbar.m; sourceTree = "<group>"; };
		9BD383791EA8B10E00CE33FB /* IQUIView+IQKeyboardToolbar.h */ = {isa = PBXFileReference; fileEncoding = 4; lastKnownFileType = sourcecode.c.h; path = "IQUIView+IQKeyboardToolbar.h"; sourceTree = "<group>"; };
		9BD3837A1EA8B10E00CE33FB /* IQUIView+IQKeyboardToolbar.m */ = {isa = PBXFileReference; fileEncoding = 4; lastKnownFileType = sourcecode.c.objc; path = "IQUIView+IQKeyboardToolbar.m"; sourceTree = "<group>"; };
		9BD3837B1EA8B10E00CE33FB /* KeyboardManager.h */ = {isa = PBXFileReference; fileEncoding = 4; lastKnownFileType = sourcecode.c.h; path = KeyboardManager.h; sourceTree = "<group>"; };
		9BD3837D1EA8B10E00CE33FB /* IQKeyboardManager.bundle */ = {isa = PBXFileReference; lastKnownFileType = "wrapper.plug-in"; path = IQKeyboardManager.bundle; sourceTree = "<group>"; };
		9BD383AF1EA8BC0C00CE33FB /* WTKCommon.h */ = {isa = PBXFileReference; fileEncoding = 4; lastKnownFileType = sourcecode.c.h; path = WTKCommon.h; sourceTree = "<group>"; };
		9BD383B01EA8BC0C00CE33FB /* WTKCommon.m */ = {isa = PBXFileReference; fileEncoding = 4; lastKnownFileType = sourcecode.c.objc; path = WTKCommon.m; sourceTree = "<group>"; };
		9BD383B31EA8BE1700CE33FB /* WTKTabBarController.h */ = {isa = PBXFileReference; fileEncoding = 4; lastKnownFileType = sourcecode.c.h; path = WTKTabBarController.h; sourceTree = "<group>"; };
		9BD383B41EA8BE1700CE33FB /* WTKTabBarController.m */ = {isa = PBXFileReference; fileEncoding = 4; lastKnownFileType = sourcecode.c.objc; path = WTKTabBarController.m; sourceTree = "<group>"; };
		9BD383B61EA8BF5B00CE33FB /* WTKNavigationController.h */ = {isa = PBXFileReference; fileEncoding = 4; lastKnownFileType = sourcecode.c.h; path = WTKNavigationController.h; sourceTree = "<group>"; };
		9BD383B71EA8BF5B00CE33FB /* WTKNavigationController.m */ = {isa = PBXFileReference; fileEncoding = 4; lastKnownFileType = sourcecode.c.objc; path = WTKNavigationController.m; sourceTree = "<group>"; };
		9BEFB4E91EE154C100329220 /* WTKCategoryVC.h */ = {isa = PBXFileReference; fileEncoding = 4; lastKnownFileType = sourcecode.c.h; path = WTKCategoryVC.h; sourceTree = "<group>"; };
		9BEFB4EA1EE154C100329220 /* WTKCategoryVC.m */ = {isa = PBXFileReference; fileEncoding = 4; lastKnownFileType = sourcecode.c.objc; path = WTKCategoryVC.m; sourceTree = "<group>"; };
		9BF03EC31EB868AC00F90B6F /* WTKURLMacro.h */ = {isa = PBXFileReference; fileEncoding = 4; lastKnownFileType = sourcecode.c.h; path = WTKURLMacro.h; sourceTree = "<group>"; };
		9BF03EC51EB869C300F90B6F /* HomeData */ = {isa = PBXFileReference; fileEncoding = 4; lastKnownFileType = text; path = HomeData; sourceTree = "<group>"; };
		9BF03EC71EB869DA00F90B6F /* HomeHead */ = {isa = PBXFileReference; fileEncoding = 4; lastKnownFileType = text; path = HomeHead; sourceTree = "<group>"; };
		9BF55A901EA7813400CF3E9F /* WTKWineNew.app */ = {isa = PBXFileReference; explicitFileType = wrapper.application; includeInIndex = 0; path = WTKWineNew.app; sourceTree = BUILT_PRODUCTS_DIR; };
		9BF55A941EA7813400CF3E9F /* main.m */ = {isa = PBXFileReference; lastKnownFileType = sourcecode.c.objc; path = main.m; sourceTree = "<group>"; };
		9BF55A961EA7813400CF3E9F /* AppDelegate.h */ = {isa = PBXFileReference; lastKnownFileType = sourcecode.c.h; path = AppDelegate.h; sourceTree = "<group>"; };
		9BF55A971EA7813400CF3E9F /* AppDelegate.m */ = {isa = PBXFileReference; lastKnownFileType = sourcecode.c.objc; path = AppDelegate.m; sourceTree = "<group>"; };
		9BF55A9F1EA7813400CF3E9F /* Assets.xcassets */ = {isa = PBXFileReference; lastKnownFileType = folder.assetcatalog; path = Assets.xcassets; sourceTree = "<group>"; };
		9BF55AA21EA7813400CF3E9F /* Base */ = {isa = PBXFileReference; lastKnownFileType = file.storyboard; name = Base; path = Base.lproj/LaunchScreen.storyboard; sourceTree = "<group>"; };
		9BF55AA41EA7813400CF3E9F /* Info.plist */ = {isa = PBXFileReference; lastKnownFileType = text.plist.xml; path = Info.plist; sourceTree = "<group>"; };
		9BF55AA91EA7813400CF3E9F /* WTKWineNewTests.xctest */ = {isa = PBXFileReference; explicitFileType = wrapper.cfbundle; includeInIndex = 0; path = WTKWineNewTests.xctest; sourceTree = BUILT_PRODUCTS_DIR; };
		9BF55AAD1EA7813400CF3E9F /* WTKWineNewTests.m */ = {isa = PBXFileReference; lastKnownFileType = sourcecode.c.objc; path = WTKWineNewTests.m; sourceTree = "<group>"; };
		9BF55AAF1EA7813400CF3E9F /* Info.plist */ = {isa = PBXFileReference; lastKnownFileType = text.plist.xml; path = Info.plist; sourceTree = "<group>"; };
		9BF55AB41EA7813400CF3E9F /* WTKWineNewUITests.xctest */ = {isa = PBXFileReference; explicitFileType = wrapper.cfbundle; includeInIndex = 0; path = WTKWineNewUITests.xctest; sourceTree = BUILT_PRODUCTS_DIR; };
		9BF55AB81EA7813400CF3E9F /* WTKWineNewUITests.m */ = {isa = PBXFileReference; lastKnownFileType = sourcecode.c.objc; path = WTKWineNewUITests.m; sourceTree = "<group>"; };
		9BF55ABA1EA7813400CF3E9F /* Info.plist */ = {isa = PBXFileReference; lastKnownFileType = text.plist.xml; path = Info.plist; sourceTree = "<group>"; };
		9BF5F0DA1EBB000E005BBC48 /* WTKHomeCollectionView.h */ = {isa = PBXFileReference; fileEncoding = 4; lastKnownFileType = sourcecode.c.h; path = WTKHomeCollectionView.h; sourceTree = "<group>"; };
		9BF5F0DB1EBB000E005BBC48 /* WTKHomeCollectionView.m */ = {isa = PBXFileReference; fileEncoding = 4; lastKnownFileType = sourcecode.c.objc; path = WTKHomeCollectionView.m; sourceTree = "<group>"; };
		9BF5F0DD1EBB04AC005BBC48 /* WTKHomeCell.h */ = {isa = PBXFileReference; fileEncoding = 4; lastKnownFileType = sourcecode.c.h; path = WTKHomeCell.h; sourceTree = "<group>"; };
		9BF5F0DE1EBB04AC005BBC48 /* WTKHomeCell.m */ = {isa = PBXFileReference; fileEncoding = 4; lastKnownFileType = sourcecode.c.objc; path = WTKHomeCell.m; sourceTree = "<group>"; };
		9BF5F0E01EBB0500005BBC48 /* WTKHomeHeadView.h */ = {isa = PBXFileReference; fileEncoding = 4; lastKnownFileType = sourcecode.c.h; path = WTKHomeHeadView.h; sourceTree = "<group>"; };
		9BF5F0E11EBB0500005BBC48 /* WTKHomeHeadView.m */ = {isa = PBXFileReference; fileEncoding = 4; lastKnownFileType = sourcecode.c.objc; path = WTKHomeHeadView.m; sourceTree = "<group>"; };
		9BF5F0E31EBB28C2005BBC48 /* WTKGoodManagerView.h */ = {isa = PBXFileReference; fileEncoding = 4; lastKnownFileType = sourcecode.c.h; path = WTKGoodManagerView.h; sourceTree = "<group>"; };
		9BF5F0E41EBB28C2005BBC48 /* WTKGoodManagerView.m */ = {isa = PBXFileReference; fileEncoding = 4; lastKnownFileType = sourcecode.c.objc; path = WTKGoodManagerView.m; sourceTree = "<group>"; };
		9BF5F0E61EBB2EEA005BBC48 /* WTKMacro.h */ = {isa = PBXFileReference; fileEncoding = 4; lastKnownFileType = sourcecode.c.h; path = WTKMacro.h; sourceTree = "<group>"; };
		9BF5F0F01EBB3420005BBC48 /* UIButton+WTKBtn.h */ = {isa = PBXFileReference; fileEncoding = 4; lastKnownFileType = sourcecode.c.h; path = "UIButton+WTKBtn.h"; sourceTree = "<group>"; };
		9BF5F0F11EBB3420005BBC48 /* UIButton+WTKBtn.m */ = {isa = PBXFileReference; fileEncoding = 4; lastKnownFileType = sourcecode.c.objc; path = "UIButton+WTKBtn.m"; sourceTree = "<group>"; };
		9BF5F0F21EBB3420005BBC48 /* UIColor+WTK.h */ = {isa = PBXFileReference; fileEncoding = 4; lastKnownFileType = sourcecode.c.h; path = "UIColor+WTK.h"; sourceTree = "<group>"; };
		9BF5F0F31EBB3420005BBC48 /* UIColor+WTK.m */ = {isa = PBXFileReference; fileEncoding = 4; lastKnownFileType = sourcecode.c.objc; path = "UIColor+WTK.m"; sourceTree = "<group>"; };
		9BF5F0F41EBB3420005BBC48 /* UIFont+WTK.h */ = {isa = PBXFileReference; fileEncoding = 4; lastKnownFileType = sourcecode.c.h; path = "UIFont+WTK.h"; sourceTree = "<group>"; };
		9BF5F0F51EBB3420005BBC48 /* UIFont+WTK.m */ = {isa = PBXFileReference; fileEncoding = 4; lastKnownFileType = sourcecode.c.objc; path = "UIFont+WTK.m"; sourceTree = "<group>"; };
		9BF5F0F61EBB3420005BBC48 /* UIImage+WTK.h */ = {isa = PBXFileReference; fileEncoding = 4; lastKnownFileType = sourcecode.c.h; path = "UIImage+WTK.h"; sourceTree = "<group>"; };
		9BF5F0F71EBB3420005BBC48 /* UIImage+WTK.m */ = {isa = PBXFileReference; fileEncoding = 4; lastKnownFileType = sourcecode.c.objc; path = "UIImage+WTK.m"; sourceTree = "<group>"; };
		9BF5F0F81EBB3420005BBC48 /* UILabel+WTK.h */ = {isa = PBXFileReference; fileEncoding = 4; lastKnownFileType = sourcecode.c.h; path = "UILabel+WTK.h"; sourceTree = "<group>"; };
		9BF5F0F91EBB3420005BBC48 /* UILabel+WTK.m */ = {isa = PBXFileReference; fileEncoding = 4; lastKnownFileType = sourcecode.c.objc; path = "UILabel+WTK.m"; sourceTree = "<group>"; };
		9BF5F0FA1EBB3420005BBC48 /* UITextField+WTK.h */ = {isa = PBXFileReference; fileEncoding = 4; lastKnownFileType = sourcecode.c.h; path = "UITextField+WTK.h"; sourceTree = "<group>"; };
		9BF5F0FB1EBB3420005BBC48 /* UITextField+WTK.m */ = {isa = PBXFileReference; fileEncoding = 4; lastKnownFileType = sourcecode.c.objc; path = "UITextField+WTK.m"; sourceTree = "<group>"; };
		9BFDA8DA1EA9AA7200BFD2FD /* UIApplication+WTK.h */ = {isa = PBXFileReference; fileEncoding = 4; lastKnownFileType = sourcecode.c.h; path = "UIApplication+WTK.h"; sourceTree = "<group>"; };
		9BFDA8DB1EA9AA7200BFD2FD /* UIApplication+WTK.m */ = {isa = PBXFileReference; fileEncoding = 4; lastKnownFileType = sourcecode.c.objc; path = "UIApplication+WTK.m"; sourceTree = "<group>"; };
		9BFDA8DC1EA9AA7200BFD2FD /* UIViewController+WTKAnimationTransitioningSnapshot.h */ = {isa = PBXFileReference; fileEncoding = 4; lastKnownFileType = sourcecode.c.h; path = "UIViewController+WTKAnimationTransitioningSnapshot.h"; sourceTree = "<group>"; };
		9BFDA8DD1EA9AA7200BFD2FD /* UIViewController+WTKAnimationTransitioningSnapshot.m */ = {isa = PBXFileReference; fileEncoding = 4; lastKnownFileType = sourcecode.c.objc; path = "UIViewController+WTKAnimationTransitioningSnapshot.m"; sourceTree = "<group>"; };
		9BFDA8DE1EA9AA7200BFD2FD /* WTKAnimationDefault.h */ = {isa = PBXFileReference; fileEncoding = 4; lastKnownFileType = sourcecode.c.h; path = WTKAnimationDefault.h; sourceTree = "<group>"; };
		9BFDA8DF1EA9AA7200BFD2FD /* WTKAnimationDefault.m */ = {isa = PBXFileReference; fileEncoding = 4; lastKnownFileType = sourcecode.c.objc; path = WTKAnimationDefault.m; sourceTree = "<group>"; };
		9BFDA8E01EA9AA7200BFD2FD /* WTKAnimationDiffNavi.h */ = {isa = PBXFileReference; fileEncoding = 4; lastKnownFileType = sourcecode.c.h; path = WTKAnimationDiffNavi.h; sourceTree = "<group>"; };
		9BFDA8E11EA9AA7200BFD2FD /* WTKAnimationDiffNavi.m */ = {isa = PBXFileReference; fileEncoding = 4; lastKnownFileType = sourcecode.c.objc; path = WTKAnimationDiffNavi.m; sourceTree = "<group>"; };
		9BFDA8E21EA9AA7200BFD2FD /* WTKAnimationKuGou.h */ = {isa = PBXFileReference; fileEncoding = 4; lastKnownFileType = sourcecode.c.h; path = WTKAnimationKuGou.h; sourceTree = "<group>"; };
		9BFDA8E31EA9AA7200BFD2FD /* WTKAnimationKuGou.m */ = {isa = PBXFileReference; fileEncoding = 4; lastKnownFileType = sourcecode.c.objc; path = WTKAnimationKuGou.m; sourceTree = "<group>"; };
		9BFDA8E41EA9AA7200BFD2FD /* WTKAnimationOval.h */ = {isa = PBXFileReference; fileEncoding = 4; lastKnownFileType = sourcecode.c.h; path = WTKAnimationOval.h; sourceTree = "<group>"; };
		9BFDA8E51EA9AA7200BFD2FD /* WTKAnimationOval.m */ = {isa = PBXFileReference; fileEncoding = 4; lastKnownFileType = sourcecode.c.objc; path = WTKAnimationOval.m; sourceTree = "<group>"; };
		9BFDA8E61EA9AA7200BFD2FD /* WTKAnimationRound.h */ = {isa = PBXFileReference; fileEncoding = 4; lastKnownFileType = sourcecode.c.h; path = WTKAnimationRound.h; sourceTree = "<group>"; };
		9BFDA8E71EA9AA7200BFD2FD /* WTKAnimationRound.m */ = {isa = PBXFileReference; fileEncoding = 4; lastKnownFileType = sourcecode.c.objc; path = WTKAnimationRound.m; sourceTree = "<group>"; };
		9BFDA8E81EA9AA7200BFD2FD /* WTKBaseAnimation.h */ = {isa = PBXFileReference; fileEncoding = 4; lastKnownFileType = sourcecode.c.h; path = WTKBaseAnimation.h; sourceTree = "<group>"; };
		9BFDA8E91EA9AA7200BFD2FD /* WTKBaseAnimation.m */ = {isa = PBXFileReference; fileEncoding = 4; lastKnownFileType = sourcecode.c.objc; path = WTKBaseAnimation.m; sourceTree = "<group>"; };
		9BFDA8EA1EA9AA7200BFD2FD /* WTKTouchManager.h */ = {isa = PBXFileReference; fileEncoding = 4; lastKnownFileType = sourcecode.c.h; path = WTKTouchManager.h; sourceTree = "<group>"; };
		9BFDA8EB1EA9AA7200BFD2FD /* WTKTouchManager.m */ = {isa = PBXFileReference; fileEncoding = 4; lastKnownFileType = sourcecode.c.objc; path = WTKTouchManager.m; sourceTree = "<group>"; };
		9BFDA8F51EA9AB1C00BFD2FD /* WTKBasedViewController.h */ = {isa = PBXFileReference; fileEncoding = 4; lastKnownFileType = sourcecode.c.h; path = WTKBasedViewController.h; sourceTree = "<group>"; };
		9BFDA8F61EA9AB1C00BFD2FD /* WTKBasedViewController.m */ = {isa = PBXFileReference; fileEncoding = 4; lastKnownFileType = sourcecode.c.objc; path = WTKBasedViewController.m; sourceTree = "<group>"; };
		9BFDA8F81EA9B7D000BFD2FD /* RTRootNavigationController.h */ = {isa = PBXFileReference; fileEncoding = 4; lastKnownFileType = sourcecode.c.h; path = RTRootNavigationController.h; sourceTree = "<group>"; };
		9BFDA8F91EA9B7D000BFD2FD /* RTRootNavigationController.m */ = {isa = PBXFileReference; fileEncoding = 4; lastKnownFileType = sourcecode.c.objc; path = RTRootNavigationController.m; sourceTree = "<group>"; };
		9BFDA8FA1EA9B7D000BFD2FD /* UIViewController+RTRootNavigationController.h */ = {isa = PBXFileReference; fileEncoding = 4; lastKnownFileType = sourcecode.c.h; path = "UIViewController+RTRootNavigationController.h"; sourceTree = "<group>"; };
		9BFDA8FB1EA9B7D000BFD2FD /* UIViewController+RTRootNavigationController.m */ = {isa = PBXFileReference; fileEncoding = 4; lastKnownFileType = sourcecode.c.objc; path = "UIViewController+RTRootNavigationController.m"; sourceTree = "<group>"; };
		9BFDA8FF1EA9DA7B00BFD2FD /* RDVTabBar.h */ = {isa = PBXFileReference; fileEncoding = 4; lastKnownFileType = sourcecode.c.h; path = RDVTabBar.h; sourceTree = "<group>"; };
		9BFDA9001EA9DA7B00BFD2FD /* RDVTabBar.m */ = {isa = PBXFileReference; fileEncoding = 4; lastKnownFileType = sourcecode.c.objc; path = RDVTabBar.m; sourceTree = "<group>"; };
		9BFDA9011EA9DA7B00BFD2FD /* RDVTabBarController.h */ = {isa = PBXFileReference; fileEncoding = 4; lastKnownFileType = sourcecode.c.h; path = RDVTabBarController.h; sourceTree = "<group>"; };
		9BFDA9021EA9DA7B00BFD2FD /* RDVTabBarController.m */ = {isa = PBXFileReference; fileEncoding = 4; lastKnownFileType = sourcecode.c.objc; path = RDVTabBarController.m; sourceTree = "<group>"; };
		9BFDA9031EA9DA7B00BFD2FD /* RDVTabBarItem.h */ = {isa = PBXFileReference; fileEncoding = 4; lastKnownFileType = sourcecode.c.h; path = RDVTabBarItem.h; sourceTree = "<group>"; };
		9BFDA9041EA9DA7B00BFD2FD /* RDVTabBarItem.m */ = {isa = PBXFileReference; fileEncoding = 4; lastKnownFileType = sourcecode.c.objc; path = RDVTabBarItem.m; sourceTree = "<group>"; };
		9BFDA9081EA9DAA800BFD2FD /* WTK_RDVTabBarController.h */ = {isa = PBXFileReference; fileEncoding = 4; lastKnownFileType = sourcecode.c.h; path = WTK_RDVTabBarController.h; sourceTree = "<group>"; };
		9BFDA9091EA9DAA800BFD2FD /* WTK_RDVTabBarController.m */ = {isa = PBXFileReference; fileEncoding = 4; lastKnownFileType = sourcecode.c.objc; path = WTK_RDVTabBarController.m; sourceTree = "<group>"; };
		9BFDA9241EA9E07300BFD2FD /* WTKHomeVC.h */ = {isa = PBXFileReference; fileEncoding = 4; lastKnownFileType = sourcecode.c.h; path = WTKHomeVC.h; sourceTree = "<group>"; };
		9BFDA9251EA9E07300BFD2FD /* WTKHomeVC.m */ = {isa = PBXFileReference; fileEncoding = 4; lastKnownFileType = sourcecode.c.objc; path = WTKHomeVC.m; sourceTree = "<group>"; };
		9BFDA92A1EA9E0EA00BFD2FD /* WTKFoundVC.h */ = {isa = PBXFileReference; fileEncoding = 4; lastKnownFileType = sourcecode.c.h; path = WTKFoundVC.h; sourceTree = "<group>"; };
		9BFDA92B1EA9E0EA00BFD2FD /* WTKFoundVC.m */ = {isa = PBXFileReference; fileEncoding = 4; lastKnownFileType = sourcecode.c.objc; path = WTKFoundVC.m; sourceTree = "<group>"; };
		9BFDA92D1EA9E0FF00BFD2FD /* WTKShoppingCarVC.h */ = {isa = PBXFileReference; fileEncoding = 4; lastKnownFileType = sourcecode.c.h; path = WTKShoppingCarVC.h; sourceTree = "<group>"; };
		9BFDA92E1EA9E0FF00BFD2FD /* WTKShoppingCarVC.m */ = {isa = PBXFileReference; fileEncoding = 4; lastKnownFileType = sourcecode.c.objc; path = WTKShoppingCarVC.m; sourceTree = "<group>"; };
		9BFDA9301EA9E11500BFD2FD /* WTKMeVC.h */ = {isa = PBXFileReference; fileEncoding = 4; lastKnownFileType = sourcecode.c.h; path = WTKMeVC.h; sourceTree = "<group>"; };
		9BFDA9311EA9E11500BFD2FD /* WTKMeVC.m */ = {isa = PBXFileReference; fileEncoding = 4; lastKnownFileType = sourcecode.c.objc; path = WTKMeVC.m; sourceTree = "<group>"; };
		9BFDA9331EA9F45700BFD2FD /* WTKBasedViewModel.h */ = {isa = PBXFileReference; fileEncoding = 4; lastKnownFileType = sourcecode.c.h; path = WTKBasedViewModel.h; sourceTree = "<group>"; };
		9BFDA9341EA9F45700BFD2FD /* WTKBasedViewModel.m */ = {isa = PBXFileReference; fileEncoding = 4; lastKnownFileType = sourcecode.c.objc; path = WTKBasedViewModel.m; sourceTree = "<group>"; };
		9BFDA9521EAA03F300BFD2FD /* WTKViewModelServices.h */ = {isa = PBXFileReference; fileEncoding = 4; lastKnownFileType = sourcecode.c.h; path = WTKViewModelServices.h; sourceTree = "<group>"; };
		9BFDA9531EAA03F300BFD2FD /* WTKViewModelServices.m */ = {isa = PBXFileReference; fileEncoding = 4; lastKnownFileType = sourcecode.c.objc; path = WTKViewModelServices.m; sourceTree = "<group>"; };
		9BFDA9551EAA060000BFD2FD /* WTKViewModelNavigationImpl.h */ = {isa = PBXFileReference; fileEncoding = 4; lastKnownFileType = sourcecode.c.h; path = WTKViewModelNavigationImpl.h; sourceTree = "<group>"; };
		9BFDA9561EAA060000BFD2FD /* WTKViewModelNavigationImpl.m */ = {isa = PBXFileReference; fileEncoding = 4; lastKnownFileType = sourcecode.c.objc; path = WTKViewModelNavigationImpl.m; sourceTree = "<group>"; };
		9BFDA9741EADEAF100BFD2FD /* WTKColorHeader.h */ = {isa = PBXFileReference; fileEncoding = 4; lastKnownFileType = sourcecode.c.h; path = WTKColorHeader.h; sourceTree = "<group>"; };
		9BFDA9751EADFBEE00BFD2FD /* WTKHomeViewModel.h */ = {isa = PBXFileReference; fileEncoding = 4; lastKnownFileType = sourcecode.c.h; path = WTKHomeViewModel.h; sourceTree = "<group>"; };
		9BFDA9761EADFBEE00BFD2FD /* WTKHomeViewModel.m */ = {isa = PBXFileReference; fileEncoding = 4; lastKnownFileType = sourcecode.c.objc; path = WTKHomeViewModel.m; sourceTree = "<group>"; };
		9BFDA9791EAE033F00BFD2FD /* WTKRequestManager.h */ = {isa = PBXFileReference; fileEncoding = 4; lastKnownFileType = sourcecode.c.h; path = WTKRequestManager.h; sourceTree = "<group>"; };
		9BFDA97A1EAE033F00BFD2FD /* WTKRequestManager.m */ = {isa = PBXFileReference; fileEncoding = 4; lastKnownFileType = sourcecode.c.objc; path = WTKRequestManager.m; sourceTree = "<group>"; };
		B365C3BA26A284FB691F4D8B /* Pods_WTKWineNewUITests.framework */ = {isa = PBXFileReference; explicitFileType = wrapper.framework; includeInIndex = 0; path = Pods_WTKWineNewUITests.framework; sourceTree = BUILT_PRODUCTS_DIR; };
		D218164F20E75014410D774B /* Pods-WTKWineNewUITests.release.xcconfig */ = {isa = PBXFileReference; includeInIndex = 1; lastKnownFileType = text.xcconfig; name = "Pods-WTKWineNewUITests.release.xcconfig"; path = "Pods/Target Support Files/Pods-WTKWineNewUITests/Pods-WTKWineNewUITests.release.xcconfig"; sourceTree = "<group>"; };
		F3866D0A4AD1DC0FC48EF24C /* Pods-WTKWineNewTests.debug.xcconfig */ = {isa = PBXFileReference; includeInIndex = 1; lastKnownFileType = text.xcconfig; name = "Pods-WTKWineNewTests.debug.xcconfig"; path = "Pods/Target Support Files/Pods-WTKWineNewTests/Pods-WTKWineNewTests.debug.xcconfig"; sourceTree = "<group>"; };
/* End PBXFileReference section */

/* Begin PBXFrameworksBuildPhase section */
		9BF55A8D1EA7813400CF3E9F /* Frameworks */ = {
			isa = PBXFrameworksBuildPhase;
			buildActionMask = 2147483647;
			files = (
				097B300DA60214779E3F1CFE /* Pods_WTKWineNew.framework in Frameworks */,
			);
			runOnlyForDeploymentPostprocessing = 0;
		};
		9BF55AA61EA7813400CF3E9F /* Frameworks */ = {
			isa = PBXFrameworksBuildPhase;
			buildActionMask = 2147483647;
			files = (
				C0EE2974930E9403F0542066 /* Pods_WTKWineNewTests.framework in Frameworks */,
			);
			runOnlyForDeploymentPostprocessing = 0;
		};
		9BF55AB11EA7813400CF3E9F /* Frameworks */ = {
			isa = PBXFrameworksBuildPhase;
			buildActionMask = 2147483647;
			files = (
				03C957C001092627CE7C8646 /* Pods_WTKWineNewUITests.framework in Frameworks */,
			);
			runOnlyForDeploymentPostprocessing = 0;
		};
/* End PBXFrameworksBuildPhase section */

/* Begin PBXGroup section */
		54B0E5A0C6A8F5B7338C164D /* Frameworks */ = {
			isa = PBXGroup;
			children = (
				5C3A666B90EE7EF4E046EED1 /* Pods_WTKWineNew.framework */,
				44342412BC62666CBC79871F /* Pods_WTKWineNewTests.framework */,
				B365C3BA26A284FB691F4D8B /* Pods_WTKWineNewUITests.framework */,
			);
			name = Frameworks;
			sourceTree = "<group>";
		};
		72DE6D83C429589EC0D2C959 /* Pods */ = {
			isa = PBXGroup;
			children = (
				05CB1A91AB83283675EA8A6E /* Pods-WTKWineNew.debug.xcconfig */,
				41522E3E3B1B254173B23BAC /* Pods-WTKWineNew.release.xcconfig */,
				F3866D0A4AD1DC0FC48EF24C /* Pods-WTKWineNewTests.debug.xcconfig */,
				047737C7E54DD182E1AC647F /* Pods-WTKWineNewTests.release.xcconfig */,
				77F015573FE72969E3714826 /* Pods-WTKWineNewUITests.debug.xcconfig */,
				D218164F20E75014410D774B /* Pods-WTKWineNewUITests.release.xcconfig */,
			);
			name = Pods;
			sourceTree = "<group>";
		};
		9BD383581EA8B0DB00CE33FB /* Vendor */ = {
			isa = PBXGroup;
			children = (
				9BFDA8FE1EA9DA7B00BFD2FD /* RDVTabBarController */,
				9BFDA8D91EA9AA7200BFD2FD /* WTKTransition */,
				9BD383591EA8B10E00CE33FB /* IQKeyBoardManager */,
			);
			path = Vendor;
			sourceTree = "<group>";
		};
		9BD383591EA8B10E00CE33FB /* IQKeyBoardManager */ = {
			isa = PBXGroup;
			children = (
				9BD3835A1EA8B10E00CE33FB /* Categories */,
				9BD383651EA8B10E00CE33FB /* Constants */,
				9BD383681EA8B10E00CE33FB /* IQKeyboardManager.h */,
				9BD383691EA8B10E00CE33FB /* IQKeyboardManager.m */,
				9BD3836A1EA8B10E00CE33FB /* IQKeyboardReturnKeyHandler.h */,
				9BD3836B1EA8B10E00CE33FB /* IQKeyboardReturnKeyHandler.m */,
				9BD3836C1EA8B10E00CE33FB /* IQSegmentedNextPrevious */,
				9BD3836F1EA8B10E00CE33FB /* IQTextView */,
				9BD383721EA8B10E00CE33FB /* IQToolbar */,
				9BD3837B1EA8B10E00CE33FB /* KeyboardManager.h */,
				9BD3837C1EA8B10E00CE33FB /* Resources */,
			);
			path = IQKeyBoardManager;
			sourceTree = "<group>";
		};
		9BD3835A1EA8B10E00CE33FB /* Categories */ = {
			isa = PBXGroup;
			children = (
				9BD3835B1EA8B10E00CE33FB /* IQNSArray+Sort.h */,
				9BD3835C1EA8B10E00CE33FB /* IQNSArray+Sort.m */,
				9BD3835D1EA8B10E00CE33FB /* IQUITextFieldView+Additions.h */,
				9BD3835E1EA8B10E00CE33FB /* IQUITextFieldView+Additions.m */,
				9BD3835F1EA8B10E00CE33FB /* IQUIView+Hierarchy.h */,
				9BD383601EA8B10E00CE33FB /* IQUIView+Hierarchy.m */,
				9BD383611EA8B10E00CE33FB /* IQUIViewController+Additions.h */,
				9BD383621EA8B10E00CE33FB /* IQUIViewController+Additions.m */,
				9BD383631EA8B10E00CE33FB /* IQUIWindow+Hierarchy.h */,
				9BD383641EA8B10E00CE33FB /* IQUIWindow+Hierarchy.m */,
			);
			path = Categories;
			sourceTree = "<group>";
		};
		9BD383651EA8B10E00CE33FB /* Constants */ = {
			isa = PBXGroup;
			children = (
				9BD383661EA8B10E00CE33FB /* IQKeyboardManagerConstants.h */,
				9BD383671EA8B10E00CE33FB /* IQKeyboardManagerConstantsInternal.h */,
			);
			path = Constants;
			sourceTree = "<group>";
		};
		9BD3836C1EA8B10E00CE33FB /* IQSegmentedNextPrevious */ = {
			isa = PBXGroup;
			children = (
				9BD3836D1EA8B10E00CE33FB /* IQSegmentedNextPrevious.h */,
				9BD3836E1EA8B10E00CE33FB /* IQSegmentedNextPrevious.m */,
			);
			path = IQSegmentedNextPrevious;
			sourceTree = "<group>";
		};
		9BD3836F1EA8B10E00CE33FB /* IQTextView */ = {
			isa = PBXGroup;
			children = (
				9BD383701EA8B10E00CE33FB /* IQTextView.h */,
				9BD383711EA8B10E00CE33FB /* IQTextView.m */,
			);
			path = IQTextView;
			sourceTree = "<group>";
		};
		9BD383721EA8B10E00CE33FB /* IQToolbar */ = {
			isa = PBXGroup;
			children = (
				9BD383731EA8B10E00CE33FB /* IQBarButtonItem.h */,
				9BD383741EA8B10E00CE33FB /* IQBarButtonItem.m */,
				9BD383751EA8B10E00CE33FB /* IQTitleBarButtonItem.h */,
				9BD383761EA8B10E00CE33FB /* IQTitleBarButtonItem.m */,
				9BD383771EA8B10E00CE33FB /* IQToolbar.h */,
				9BD383781EA8B10E00CE33FB /* IQToolbar.m */,
				9BD383791EA8B10E00CE33FB /* IQUIView+IQKeyboardToolbar.h */,
				9BD3837A1EA8B10E00CE33FB /* IQUIView+IQKeyboardToolbar.m */,
			);
			path = IQToolbar;
			sourceTree = "<group>";
		};
		9BD3837C1EA8B10E00CE33FB /* Resources */ = {
			isa = PBXGroup;
			children = (
				9BD3837D1EA8B10E00CE33FB /* IQKeyboardManager.bundle */,
			);
			path = Resources;
			sourceTree = "<group>";
		};
		9BD3838C1EA8B25300CE33FB /* Classes */ = {
			isa = PBXGroup;
			children = (
				9BFDA90B1EA9DD2700BFD2FD /* Home(首页) */,
				9BFDA9101EA9DD3100BFD2FD /* category(分类) */,
				9BFDA9151EA9DFAE00BFD2FD /* disCover(发现) */,
				9BFDA91A1EA9E03700BFD2FD /* Shop(购物车) */,
				9BFDA91F1EA9E04000BFD2FD /* Mine(我的) */,
				9BD383B21EA8BDD700CE33FB /* Based */,
				9BD3838D1EA8B28900CE33FB /* Util */,
			);
			path = Classes;
			sourceTree = "<group>";
		};
		9BD3838D1EA8B28900CE33FB /* Util */ = {
			isa = PBXGroup;
			children = (
				9BF5F0EF1EBB3420005BBC48 /* Category(类别) */,
				9BFDA9781EAE032E00BFD2FD /* HTTP */,
				9BD383AF1EA8BC0C00CE33FB /* WTKCommon.h */,
				9BD383B01EA8BC0C00CE33FB /* WTKCommon.m */,
				9BFDA9741EADEAF100BFD2FD /* WTKColorHeader.h */,
				9BF03EC31EB868AC00F90B6F /* WTKURLMacro.h */,
				9BF5F0E61EBB2EEA005BBC48 /* WTKMacro.h */,
			);
			path = Util;
			sourceTree = "<group>";
		};
		9BD383B21EA8BDD700CE33FB /* Based */ = {
			isa = PBXGroup;
			children = (
				9BD383B31EA8BE1700CE33FB /* WTKTabBarController.h */,
				9BD383B41EA8BE1700CE33FB /* WTKTabBarController.m */,
				9BFDA9081EA9DAA800BFD2FD /* WTK_RDVTabBarController.h */,
				9BFDA9091EA9DAA800BFD2FD /* WTK_RDVTabBarController.m */,
				9BD383B61EA8BF5B00CE33FB /* WTKNavigationController.h */,
				9BD383B71EA8BF5B00CE33FB /* WTKNavigationController.m */,
				9BFDA8F51EA9AB1C00BFD2FD /* WTKBasedViewController.h */,
				9BFDA8F61EA9AB1C00BFD2FD /* WTKBasedViewController.m */,
				9BFDA9331EA9F45700BFD2FD /* WTKBasedViewModel.h */,
				9BFDA9341EA9F45700BFD2FD /* WTKBasedViewModel.m */,
				9BFDA9521EAA03F300BFD2FD /* WTKViewModelServices.h */,
				9BFDA9531EAA03F300BFD2FD /* WTKViewModelServices.m */,
				9BFDA9551EAA060000BFD2FD /* WTKViewModelNavigationImpl.h */,
				9BFDA9561EAA060000BFD2FD /* WTKViewModelNavigationImpl.m */,
				9BFDA8F81EA9B7D000BFD2FD /* RTRootNavigationController.h */,
				9BFDA8F91EA9B7D000BFD2FD /* RTRootNavigationController.m */,
				9BFDA8FA1EA9B7D000BFD2FD /* UIViewController+RTRootNavigationController.h */,
				9BFDA8FB1EA9B7D000BFD2FD /* UIViewController+RTRootNavigationController.m */,
			);
			path = Based;
			sourceTree = "<group>";
		};
		9BF03EC41EB8699F00F90B6F /* Resource */ = {
			isa = PBXGroup;
			children = (
				9BF03EC51EB869C300F90B6F /* HomeData */,
				9BF03EC71EB869DA00F90B6F /* HomeHead */,
			);
			path = Resource;
			sourceTree = "<group>";
		};
		9BF55A871EA7813400CF3E9F = {
			isa = PBXGroup;
			children = (
				9BF55A921EA7813400CF3E9F /* WTKWineNew */,
				9BF55AAC1EA7813400CF3E9F /* WTKWineNewTests */,
				9BF55AB71EA7813400CF3E9F /* WTKWineNewUITests */,
				9BF55A911EA7813400CF3E9F /* Products */,
				72DE6D83C429589EC0D2C959 /* Pods */,
				54B0E5A0C6A8F5B7338C164D /* Frameworks */,
			);
			sourceTree = "<group>";
		};
		9BF55A911EA7813400CF3E9F /* Products */ = {
			isa = PBXGroup;
			children = (
				9BF55A901EA7813400CF3E9F /* WTKWineNew.app */,
				9BF55AA91EA7813400CF3E9F /* WTKWineNewTests.xctest */,
				9BF55AB41EA7813400CF3E9F /* WTKWineNewUITests.xctest */,
			);
			name = Products;
			sourceTree = "<group>";
		};
		9BF55A921EA7813400CF3E9F /* WTKWineNew */ = {
			isa = PBXGroup;
			children = (
				9BD3838C1EA8B25300CE33FB /* Classes */,
				9BF03EC41EB8699F00F90B6F /* Resource */,
				9BD383581EA8B0DB00CE33FB /* Vendor */,
				9BF55A961EA7813400CF3E9F /* AppDelegate.h */,
				9BF55A971EA7813400CF3E9F /* AppDelegate.m */,
				9BF55A9F1EA7813400CF3E9F /* Assets.xcassets */,
				9BF55AA11EA7813400CF3E9F /* LaunchScreen.storyboard */,
				9BF55AA41EA7813400CF3E9F /* Info.plist */,
				9BF55A931EA7813400CF3E9F /* Supporting Files */,
			);
			path = WTKWineNew;
			sourceTree = "<group>";
		};
		9BF55A931EA7813400CF3E9F /* Supporting Files */ = {
			isa = PBXGroup;
			children = (
				9BF55A941EA7813400CF3E9F /* main.m */,
			);
			name = "Supporting Files";
			sourceTree = "<group>";
		};
		9BF55AAC1EA7813400CF3E9F /* WTKWineNewTests */ = {
			isa = PBXGroup;
			children = (
				9BF55AAD1EA7813400CF3E9F /* WTKWineNewTests.m */,
				9BF55AAF1EA7813400CF3E9F /* Info.plist */,
			);
			path = WTKWineNewTests;
			sourceTree = "<group>";
		};
		9BF55AB71EA7813400CF3E9F /* WTKWineNewUITests */ = {
			isa = PBXGroup;
			children = (
				9BF55AB81EA7813400CF3E9F /* WTKWineNewUITests.m */,
				9BF55ABA1EA7813400CF3E9F /* Info.plist */,
			);
			path = WTKWineNewUITests;
			sourceTree = "<group>";
		};
		9BF5F0EF1EBB3420005BBC48 /* Category(类别) */ = {
			isa = PBXGroup;
			children = (
				9BF5F0F01EBB3420005BBC48 /* UIButton+WTKBtn.h */,
				9BF5F0F11EBB3420005BBC48 /* UIButton+WTKBtn.m */,
				9BF5F0F21EBB3420005BBC48 /* UIColor+WTK.h */,
				9BF5F0F31EBB3420005BBC48 /* UIColor+WTK.m */,
				9BF5F0F41EBB3420005BBC48 /* UIFont+WTK.h */,
				9BF5F0F51EBB3420005BBC48 /* UIFont+WTK.m */,
				9BF5F0F61EBB3420005BBC48 /* UIImage+WTK.h */,
				9BF5F0F71EBB3420005BBC48 /* UIImage+WTK.m */,
				9BF5F0F81EBB3420005BBC48 /* UILabel+WTK.h */,
				9BF5F0F91EBB3420005BBC48 /* UILabel+WTK.m */,
				9BF5F0FA1EBB3420005BBC48 /* UITextField+WTK.h */,
				9BF5F0FB1EBB3420005BBC48 /* UITextField+WTK.m */,
			);
			path = "Category(类别)";
			sourceTree = "<group>";
		};
		9BFDA8D91EA9AA7200BFD2FD /* WTKTransition */ = {
			isa = PBXGroup;
			children = (
				9BFDA8DA1EA9AA7200BFD2FD /* UIApplication+WTK.h */,
				9BFDA8DB1EA9AA7200BFD2FD /* UIApplication+WTK.m */,
				9BFDA8DC1EA9AA7200BFD2FD /* UIViewController+WTKAnimationTransitioningSnapshot.h */,
				9BFDA8DD1EA9AA7200BFD2FD /* UIViewController+WTKAnimationTransitioningSnapshot.m */,
				9BFDA8DE1EA9AA7200BFD2FD /* WTKAnimationDefault.h */,
				9BFDA8DF1EA9AA7200BFD2FD /* WTKAnimationDefault.m */,
				9BFDA8E01EA9AA7200BFD2FD /* WTKAnimationDiffNavi.h */,
				9BFDA8E11EA9AA7200BFD2FD /* WTKAnimationDiffNavi.m */,
				9BFDA8E21EA9AA7200BFD2FD /* WTKAnimationKuGou.h */,
				9BFDA8E31EA9AA7200BFD2FD /* WTKAnimationKuGou.m */,
				9BFDA8E41EA9AA7200BFD2FD /* WTKAnimationOval.h */,
				9BFDA8E51EA9AA7200BFD2FD /* WTKAnimationOval.m */,
				9BFDA8E61EA9AA7200BFD2FD /* WTKAnimationRound.h */,
				9BFDA8E71EA9AA7200BFD2FD /* WTKAnimationRound.m */,
				9BFDA8E81EA9AA7200BFD2FD /* WTKBaseAnimation.h */,
				9BFDA8E91EA9AA7200BFD2FD /* WTKBaseAnimation.m */,
				9BFDA8EA1EA9AA7200BFD2FD /* WTKTouchManager.h */,
				9BFDA8EB1EA9AA7200BFD2FD /* WTKTouchManager.m */,
			);
			path = WTKTransition;
			sourceTree = "<group>";
		};
		9BFDA8FE1EA9DA7B00BFD2FD /* RDVTabBarController */ = {
			isa = PBXGroup;
			children = (
				9BFDA8FF1EA9DA7B00BFD2FD /* RDVTabBar.h */,
				9BFDA9001EA9DA7B00BFD2FD /* RDVTabBar.m */,
				9BFDA9011EA9DA7B00BFD2FD /* RDVTabBarController.h */,
				9BFDA9021EA9DA7B00BFD2FD /* RDVTabBarController.m */,
				9BFDA9031EA9DA7B00BFD2FD /* RDVTabBarItem.h */,
				9BFDA9041EA9DA7B00BFD2FD /* RDVTabBarItem.m */,
			);
			path = RDVTabBarController;
			sourceTree = "<group>";
		};
		9BFDA90B1EA9DD2700BFD2FD /* Home(首页) */ = {
			isa = PBXGroup;
			children = (
				9BFDA90C1EA9DD2700BFD2FD /* Model */,
				9BFDA90D1EA9DD2700BFD2FD /* View */,
				9BFDA90E1EA9DD2700BFD2FD /* ViewControll */,
				9BFDA90F1EA9DD2700BFD2FD /* ViewModel */,
			);
			path = "Home(首页)";
			sourceTree = "<group>";
		};
		9BFDA90C1EA9DD2700BFD2FD /* Model */ = {
			isa = PBXGroup;
			children = (
				9B38B5701EB9E4FF00CD1ADA /* WTKGood.h */,
				9B38B5711EB9E4FF00CD1ADA /* WTKGood.m */,
			);
			path = Model;
			sourceTree = "<group>";
		};
		9BFDA90D1EA9DD2700BFD2FD /* View */ = {
			isa = PBXGroup;
			children = (
				9BF5F0DA1EBB000E005BBC48 /* WTKHomeCollectionView.h */,
				9BF5F0DB1EBB000E005BBC48 /* WTKHomeCollectionView.m */,
				9BF5F0DD1EBB04AC005BBC48 /* WTKHomeCell.h */,
				9BF5F0DE1EBB04AC005BBC48 /* WTKHomeCell.m */,
				9BF5F0E01EBB0500005BBC48 /* WTKHomeHeadView.h */,
				9BF5F0E11EBB0500005BBC48 /* WTKHomeHeadView.m */,
				9BF5F0E31EBB28C2005BBC48 /* WTKGoodManagerView.h */,
				9BF5F0E41EBB28C2005BBC48 /* WTKGoodManagerView.m */,
			);
			path = View;
			sourceTree = "<group>";
		};
		9BFDA90E1EA9DD2700BFD2FD /* ViewControll */ = {
			isa = PBXGroup;
			children = (
				9BFDA9241EA9E07300BFD2FD /* WTKHomeVC.h */,
				9BFDA9251EA9E07300BFD2FD /* WTKHomeVC.m */,
			);
			path = ViewControll;
			sourceTree = "<group>";
		};
		9BFDA90F1EA9DD2700BFD2FD /* ViewModel */ = {
			isa = PBXGroup;
			children = (
				9BFDA9751EADFBEE00BFD2FD /* WTKHomeViewModel.h */,
				9BFDA9761EADFBEE00BFD2FD /* WTKHomeViewModel.m */,
			);
			path = ViewModel;
			sourceTree = "<group>";
		};
		9BFDA9101EA9DD3100BFD2FD /* category(分类) */ = {
			isa = PBXGroup;
			children = (
				9BFDA9111EA9DD3100BFD2FD /* Model */,
				9BFDA9121EA9DD3100BFD2FD /* View */,
				9BFDA9131EA9DD3100BFD2FD /* ViewControll */,
				9BFDA9141EA9DD3100BFD2FD /* ViewModel */,
			);
			path = "category(分类)";
			sourceTree = "<group>";
		};
		9BFDA9111EA9DD3100BFD2FD /* Model */ = {
			isa = PBXGroup;
			children = (
			);
			path = Model;
			sourceTree = "<group>";
		};
		9BFDA9121EA9DD3100BFD2FD /* View */ = {
			isa = PBXGroup;
			children = (
			);
			path = View;
			sourceTree = "<group>";
		};
		9BFDA9131EA9DD3100BFD2FD /* ViewControll */ = {
			isa = PBXGroup;
			children = (
				9BEFB4E91EE154C100329220 /* WTKCategoryVC.h */,
				9BEFB4EA1EE154C100329220 /* WTKCategoryVC.m */,
			);
			path = ViewControll;
			sourceTree = "<group>";
		};
		9BFDA9141EA9DD3100BFD2FD /* ViewModel */ = {
			isa = PBXGroup;
			children = (
			);
			path = ViewModel;
			sourceTree = "<group>";
		};
		9BFDA9151EA9DFAE00BFD2FD /* disCover(发现) */ = {
			isa = PBXGroup;
			children = (
				9BFDA9161EA9DFAE00BFD2FD /* Model */,
				9BFDA9171EA9DFAE00BFD2FD /* View */,
				9BFDA9181EA9DFAE00BFD2FD /* ViewControll */,
				9BFDA9191EA9DFAE00BFD2FD /* ViewModel */,
			);
			path = "disCover(发现)";
			sourceTree = "<group>";
		};
		9BFDA9161EA9DFAE00BFD2FD /* Model */ = {
			isa = PBXGroup;
			children = (
			);
			path = Model;
			sourceTree = "<group>";
		};
		9BFDA9171EA9DFAE00BFD2FD /* View */ = {
			isa = PBXGroup;
			children = (
			);
			path = View;
			sourceTree = "<group>";
		};
		9BFDA9181EA9DFAE00BFD2FD /* ViewControll */ = {
			isa = PBXGroup;
			children = (
				9BFDA92A1EA9E0EA00BFD2FD /* WTKFoundVC.h */,
				9BFDA92B1EA9E0EA00BFD2FD /* WTKFoundVC.m */,
			);
			path = ViewControll;
			sourceTree = "<group>";
		};
		9BFDA9191EA9DFAE00BFD2FD /* ViewModel */ = {
			isa = PBXGroup;
			children = (
			);
			path = ViewModel;
			sourceTree = "<group>";
		};
		9BFDA91A1EA9E03700BFD2FD /* Shop(购物车) */ = {
			isa = PBXGroup;
			children = (
				9BFDA91B1EA9E03700BFD2FD /* Model */,
				9BFDA91C1EA9E03700BFD2FD /* View */,
				9BFDA91D1EA9E03700BFD2FD /* ViewControll */,
				9BFDA91E1EA9E03700BFD2FD /* ViewModel */,
			);
			path = "Shop(购物车)";
			sourceTree = "<group>";
		};
		9BFDA91B1EA9E03700BFD2FD /* Model */ = {
			isa = PBXGroup;
			children = (
			);
			path = Model;
			sourceTree = "<group>";
		};
		9BFDA91C1EA9E03700BFD2FD /* View */ = {
			isa = PBXGroup;
			children = (
			);
			path = View;
			sourceTree = "<group>";
		};
		9BFDA91D1EA9E03700BFD2FD /* ViewControll */ = {
			isa = PBXGroup;
			children = (
				9BFDA92D1EA9E0FF00BFD2FD /* WTKShoppingCarVC.h */,
				9BFDA92E1EA9E0FF00BFD2FD /* WTKShoppingCarVC.m */,
			);
			path = ViewControll;
			sourceTree = "<group>";
		};
		9BFDA91E1EA9E03700BFD2FD /* ViewModel */ = {
			isa = PBXGroup;
			children = (
			);
			path = ViewModel;
			sourceTree = "<group>";
		};
		9BFDA91F1EA9E04000BFD2FD /* Mine(我的) */ = {
			isa = PBXGroup;
			children = (
				9BFDA9201EA9E04000BFD2FD /* Model */,
				9BFDA9211EA9E04000BFD2FD /* View */,
				9BFDA9221EA9E04000BFD2FD /* ViewControll */,
				9BFDA9231EA9E04000BFD2FD /* ViewModel */,
			);
			path = "Mine(我的)";
			sourceTree = "<group>";
		};
		9BFDA9201EA9E04000BFD2FD /* Model */ = {
			isa = PBXGroup;
			children = (
			);
			path = Model;
			sourceTree = "<group>";
		};
		9BFDA9211EA9E04000BFD2FD /* View */ = {
			isa = PBXGroup;
			children = (
			);
			path = View;
			sourceTree = "<group>";
		};
		9BFDA9221EA9E04000BFD2FD /* ViewControll */ = {
			isa = PBXGroup;
			children = (
				9BFDA9301EA9E11500BFD2FD /* WTKMeVC.h */,
				9BFDA9311EA9E11500BFD2FD /* WTKMeVC.m */,
			);
			path = ViewControll;
			sourceTree = "<group>";
		};
		9BFDA9231EA9E04000BFD2FD /* ViewModel */ = {
			isa = PBXGroup;
			children = (
			);
			path = ViewModel;
			sourceTree = "<group>";
		};
		9BFDA9781EAE032E00BFD2FD /* HTTP */ = {
			isa = PBXGroup;
			children = (
				9BFDA9791EAE033F00BFD2FD /* WTKRequestManager.h */,
				9BFDA97A1EAE033F00BFD2FD /* WTKRequestManager.m */,
			);
			path = HTTP;
			sourceTree = "<group>";
		};
/* End PBXGroup section */

/* Begin PBXNativeTarget section */
		9BF55A8F1EA7813400CF3E9F /* WTKWineNew */ = {
			isa = PBXNativeTarget;
			buildConfigurationList = 9BF55ABD1EA7813400CF3E9F /* Build configuration list for PBXNativeTarget "WTKWineNew" */;
			buildPhases = (
				DCCC5774D9E3627927AADCD2 /* [CP] Check Pods Manifest.lock */,
				9BF55A8C1EA7813400CF3E9F /* Sources */,
				9BF55A8D1EA7813400CF3E9F /* Frameworks */,
				9BF55A8E1EA7813400CF3E9F /* Resources */,
				29B3A60AA44BCBE241B73807 /* [CP] Embed Pods Frameworks */,
				2E93FC1CCE99B3222CCFF76F /* [CP] Copy Pods Resources */,
			);
			buildRules = (
			);
			dependencies = (
			);
			name = WTKWineNew;
			productName = WTKWineNew;
			productReference = 9BF55A901EA7813400CF3E9F /* WTKWineNew.app */;
			productType = "com.apple.product-type.application";
		};
		9BF55AA81EA7813400CF3E9F /* WTKWineNewTests */ = {
			isa = PBXNativeTarget;
			buildConfigurationList = 9BF55AC01EA7813400CF3E9F /* Build configuration list for PBXNativeTarget "WTKWineNewTests" */;
			buildPhases = (
				8A91B15935DD9F4E9A8D18D9 /* [CP] Check Pods Manifest.lock */,
				9BF55AA51EA7813400CF3E9F /* Sources */,
				9BF55AA61EA7813400CF3E9F /* Frameworks */,
				9BF55AA71EA7813400CF3E9F /* Resources */,
				BD95B1A022FDEEFBDECDA24D /* [CP] Embed Pods Frameworks */,
				51AC43CE407D7387C0D3493D /* [CP] Copy Pods Resources */,
			);
			buildRules = (
			);
			dependencies = (
				9BF55AAB1EA7813400CF3E9F /* PBXTargetDependency */,
			);
			name = WTKWineNewTests;
			productName = WTKWineNewTests;
			productReference = 9BF55AA91EA7813400CF3E9F /* WTKWineNewTests.xctest */;
			productType = "com.apple.product-type.bundle.unit-test";
		};
		9BF55AB31EA7813400CF3E9F /* WTKWineNewUITests */ = {
			isa = PBXNativeTarget;
			buildConfigurationList = 9BF55AC31EA7813400CF3E9F /* Build configuration list for PBXNativeTarget "WTKWineNewUITests" */;
			buildPhases = (
				242A17760E9B2EC220D73DE0 /* [CP] Check Pods Manifest.lock */,
				9BF55AB01EA7813400CF3E9F /* Sources */,
				9BF55AB11EA7813400CF3E9F /* Frameworks */,
				9BF55AB21EA7813400CF3E9F /* Resources */,
				8500491AA7288382A55BC175 /* [CP] Embed Pods Frameworks */,
				D3CE0E7346C5EE0E58EF7112 /* [CP] Copy Pods Resources */,
			);
			buildRules = (
			);
			dependencies = (
				9BF55AB61EA7813400CF3E9F /* PBXTargetDependency */,
			);
			name = WTKWineNewUITests;
			productName = WTKWineNewUITests;
			productReference = 9BF55AB41EA7813400CF3E9F /* WTKWineNewUITests.xctest */;
			productType = "com.apple.product-type.bundle.ui-testing";
		};
/* End PBXNativeTarget section */

/* Begin PBXProject section */
		9BF55A881EA7813400CF3E9F /* Project object */ = {
			isa = PBXProject;
			attributes = {
				CLASSPREFIX = WTK;
				LastUpgradeCheck = 0820;
				ORGANIZATIONNAME = WTK;
				TargetAttributes = {
					9BF55A8F1EA7813400CF3E9F = {
						CreatedOnToolsVersion = 8.2.1;
						ProvisioningStyle = Automatic;
					};
					9BF55AA81EA7813400CF3E9F = {
						CreatedOnToolsVersion = 8.2.1;
						ProvisioningStyle = Automatic;
						TestTargetID = 9BF55A8F1EA7813400CF3E9F;
					};
					9BF55AB31EA7813400CF3E9F = {
						CreatedOnToolsVersion = 8.2.1;
						ProvisioningStyle = Automatic;
						TestTargetID = 9BF55A8F1EA7813400CF3E9F;
					};
				};
			};
			buildConfigurationList = 9BF55A8B1EA7813400CF3E9F /* Build configuration list for PBXProject "WTKWineNew" */;
			compatibilityVersion = "Xcode 3.2";
			developmentRegion = English;
			hasScannedForEncodings = 0;
			knownRegions = (
				en,
				Base,
			);
			mainGroup = 9BF55A871EA7813400CF3E9F;
			productRefGroup = 9BF55A911EA7813400CF3E9F /* Products */;
			projectDirPath = "";
			projectRoot = "";
			targets = (
				9BF55A8F1EA7813400CF3E9F /* WTKWineNew */,
				9BF55AA81EA7813400CF3E9F /* WTKWineNewTests */,
				9BF55AB31EA7813400CF3E9F /* WTKWineNewUITests */,
			);
		};
/* End PBXProject section */

/* Begin PBXResourcesBuildPhase section */
		9BF55A8E1EA7813400CF3E9F /* Resources */ = {
			isa = PBXResourcesBuildPhase;
			buildActionMask = 2147483647;
			files = (
				9BF55AA31EA7813400CF3E9F /* LaunchScreen.storyboard in Resources */,
				9BF55AA01EA7813400CF3E9F /* Assets.xcassets in Resources */,
				9BF03EC81EB869DA00F90B6F /* HomeHead in Resources */,
				9BD3838B1EA8B10E00CE33FB /* IQKeyboardManager.bundle in Resources */,
				9BF03EC61EB869C300F90B6F /* HomeData in Resources */,
			);
			runOnlyForDeploymentPostprocessing = 0;
		};
		9BF55AA71EA7813400CF3E9F /* Resources */ = {
			isa = PBXResourcesBuildPhase;
			buildActionMask = 2147483647;
			files = (
			);
			runOnlyForDeploymentPostprocessing = 0;
		};
		9BF55AB21EA7813400CF3E9F /* Resources */ = {
			isa = PBXResourcesBuildPhase;
			buildActionMask = 2147483647;
			files = (
			);
			runOnlyForDeploymentPostprocessing = 0;
		};
/* End PBXResourcesBuildPhase section */

/* Begin PBXShellScriptBuildPhase section */
		242A17760E9B2EC220D73DE0 /* [CP] Check Pods Manifest.lock */ = {
			isa = PBXShellScriptBuildPhase;
			buildActionMask = 2147483647;
			files = (
			);
			inputPaths = (
			);
			name = "[CP] Check Pods Manifest.lock";
			outputPaths = (
			);
			runOnlyForDeploymentPostprocessing = 0;
			shellPath = /bin/sh;
			shellScript = "diff \"${PODS_ROOT}/../Podfile.lock\" \"${PODS_ROOT}/Manifest.lock\" > /dev/null\nif [ $? != 0 ] ; then\n    # print error to STDERR\n    echo \"error: The sandbox is not in sync with the Podfile.lock. Run 'pod install' or update your CocoaPods installation.\" >&2\n    exit 1\nfi\n";
			showEnvVarsInLog = 0;
		};
		29B3A60AA44BCBE241B73807 /* [CP] Embed Pods Frameworks */ = {
			isa = PBXShellScriptBuildPhase;
			buildActionMask = 2147483647;
			files = (
			);
			inputPaths = (
			);
			name = "[CP] Embed Pods Frameworks";
			outputPaths = (
			);
			runOnlyForDeploymentPostprocessing = 0;
			shellPath = /bin/sh;
			shellScript = "\"${SRCROOT}/Pods/Target Support Files/Pods-WTKWineNew/Pods-WTKWineNew-frameworks.sh\"\n";
			showEnvVarsInLog = 0;
		};
		2E93FC1CCE99B3222CCFF76F /* [CP] Copy Pods Resources */ = {
			isa = PBXShellScriptBuildPhase;
			buildActionMask = 2147483647;
			files = (
			);
			inputPaths = (
			);
			name = "[CP] Copy Pods Resources";
			outputPaths = (
			);
			runOnlyForDeploymentPostprocessing = 0;
			shellPath = /bin/sh;
			shellScript = "\"${SRCROOT}/Pods/Target Support Files/Pods-WTKWineNew/Pods-WTKWineNew-resources.sh\"\n";
			showEnvVarsInLog = 0;
		};
		51AC43CE407D7387C0D3493D /* [CP] Copy Pods Resources */ = {
			isa = PBXShellScriptBuildPhase;
			buildActionMask = 2147483647;
			files = (
			);
			inputPaths = (
			);
			name = "[CP] Copy Pods Resources";
			outputPaths = (
			);
			runOnlyForDeploymentPostprocessing = 0;
			shellPath = /bin/sh;
			shellScript = "\"${SRCROOT}/Pods/Target Support Files/Pods-WTKWineNewTests/Pods-WTKWineNewTests-resources.sh\"\n";
			showEnvVarsInLog = 0;
		};
		8500491AA7288382A55BC175 /* [CP] Embed Pods Frameworks */ = {
			isa = PBXShellScriptBuildPhase;
			buildActionMask = 2147483647;
			files = (
			);
			inputPaths = (
			);
			name = "[CP] Embed Pods Frameworks";
			outputPaths = (
			);
			runOnlyForDeploymentPostprocessing = 0;
			shellPath = /bin/sh;
			shellScript = "\"${SRCROOT}/Pods/Target Support Files/Pods-WTKWineNewUITests/Pods-WTKWineNewUITests-frameworks.sh\"\n";
			showEnvVarsInLog = 0;
		};
		8A91B15935DD9F4E9A8D18D9 /* [CP] Check Pods Manifest.lock */ = {
			isa = PBXShellScriptBuildPhase;
			buildActionMask = 2147483647;
			files = (
			);
			inputPaths = (
			);
			name = "[CP] Check Pods Manifest.lock";
			outputPaths = (
			);
			runOnlyForDeploymentPostprocessing = 0;
			shellPath = /bin/sh;
			shellScript = "diff \"${PODS_ROOT}/../Podfile.lock\" \"${PODS_ROOT}/Manifest.lock\" > /dev/null\nif [ $? != 0 ] ; then\n    # print error to STDERR\n    echo \"error: The sandbox is not in sync with the Podfile.lock. Run 'pod install' or update your CocoaPods installation.\" >&2\n    exit 1\nfi\n";
			showEnvVarsInLog = 0;
		};
		BD95B1A022FDEEFBDECDA24D /* [CP] Embed Pods Frameworks */ = {
			isa = PBXShellScriptBuildPhase;
			buildActionMask = 2147483647;
			files = (
			);
			inputPaths = (
			);
			name = "[CP] Embed Pods Frameworks";
			outputPaths = (
			);
			runOnlyForDeploymentPostprocessing = 0;
			shellPath = /bin/sh;
			shellScript = "\"${SRCROOT}/Pods/Target Support Files/Pods-WTKWineNewTests/Pods-WTKWineNewTests-frameworks.sh\"\n";
			showEnvVarsInLog = 0;
		};
		D3CE0E7346C5EE0E58EF7112 /* [CP] Copy Pods Resources */ = {
			isa = PBXShellScriptBuildPhase;
			buildActionMask = 2147483647;
			files = (
			);
			inputPaths = (
			);
			name = "[CP] Copy Pods Resources";
			outputPaths = (
			);
			runOnlyForDeploymentPostprocessing = 0;
			shellPath = /bin/sh;
			shellScript = "\"${SRCROOT}/Pods/Target Support Files/Pods-WTKWineNewUITests/Pods-WTKWineNewUITests-resources.sh\"\n";
			showEnvVarsInLog = 0;
		};
		DCCC5774D9E3627927AADCD2 /* [CP] Check Pods Manifest.lock */ = {
			isa = PBXShellScriptBuildPhase;
			buildActionMask = 2147483647;
			files = (
			);
			inputPaths = (
			);
			name = "[CP] Check Pods Manifest.lock";
			outputPaths = (
			);
			runOnlyForDeploymentPostprocessing = 0;
			shellPath = /bin/sh;
			shellScript = "diff \"${PODS_ROOT}/../Podfile.lock\" \"${PODS_ROOT}/Manifest.lock\" > /dev/null\nif [ $? != 0 ] ; then\n    # print error to STDERR\n    echo \"error: The sandbox is not in sync with the Podfile.lock. Run 'pod install' or update your CocoaPods installation.\" >&2\n    exit 1\nfi\n";
			showEnvVarsInLog = 0;
		};
/* End PBXShellScriptBuildPhase section */

/* Begin PBXSourcesBuildPhase section */
		9BF55A8C1EA7813400CF3E9F /* Sources */ = {
			isa = PBXSourcesBuildPhase;
			buildActionMask = 2147483647;
			files = (
				9BF5F0FF1EBB3420005BBC48 /* UIImage+WTK.m in Sources */,
				9BF5F1001EBB3420005BBC48 /* UILabel+WTK.m in Sources */,
				9BF5F0DC1EBB000E005BBC48 /* WTKHomeCollectionView.m in Sources */,
				9BFDA97B1EAE033F00BFD2FD /* WTKRequestManager.m in Sources */,
				9BD383831EA8B10E00CE33FB /* IQKeyboardManager.m in Sources */,
				9BFDA8EC1EA9AA7200BFD2FD /* UIApplication+WTK.m in Sources */,
				9BFDA92F1EA9E0FF00BFD2FD /* WTKShoppingCarVC.m in Sources */,
				9BFDA8ED1EA9AA7200BFD2FD /* UIViewController+WTKAnimationTransitioningSnapshot.m in Sources */,
				9BD383881EA8B10E00CE33FB /* IQTitleBarButtonItem.m in Sources */,
				9BEFB4EB1EE154C100329220 /* WTKCategoryVC.m in Sources */,
				9BD383B81EA8BF5B00CE33FB /* WTKNavigationController.m in Sources */,
				9BFDA9351EA9F45700BFD2FD /* WTKBasedViewModel.m in Sources */,
				9BFDA9071EA9DA7B00BFD2FD /* RDVTabBarItem.m in Sources */,
				9BD383861EA8B10E00CE33FB /* IQTextView.m in Sources */,
				9BFDA8F31EA9AA7200BFD2FD /* WTKBaseAnimation.m in Sources */,
				9BFDA8FD1EA9B7D000BFD2FD /* UIViewController+RTRootNavigationController.m in Sources */,
				9BFDA8F21EA9AA7200BFD2FD /* WTKAnimationRound.m in Sources */,
				9BFDA8EF1EA9AA7200BFD2FD /* WTKAnimationDiffNavi.m in Sources */,
				9BFDA92C1EA9E0EA00BFD2FD /* WTKFoundVC.m in Sources */,
				9BD3838A1EA8B10E00CE33FB /* IQUIView+IQKeyboardToolbar.m in Sources */,
				9BD3837E1EA8B10E00CE33FB /* IQNSArray+Sort.m in Sources */,
				9BFDA9771EADFBEE00BFD2FD /* WTKHomeViewModel.m in Sources */,
				9BFDA8F41EA9AA7200BFD2FD /* WTKTouchManager.m in Sources */,
				9BD383891EA8B10E00CE33FB /* IQToolbar.m in Sources */,
				9BF5F0DF1EBB04AC005BBC48 /* WTKHomeCell.m in Sources */,
				9BFDA90A1EA9DAA800BFD2FD /* WTK_RDVTabBarController.m in Sources */,
				9BD383811EA8B10E00CE33FB /* IQUIViewController+Additions.m in Sources */,
				9BFDA9321EA9E11500BFD2FD /* WTKMeVC.m in Sources */,
				9BF5F0E51EBB28C2005BBC48 /* WTKGoodManagerView.m in Sources */,
				9BFDA9541EAA03F300BFD2FD /* WTKViewModelServices.m in Sources */,
				9BF5F1011EBB3420005BBC48 /* UITextField+WTK.m in Sources */,
				9BD383B11EA8BC0C00CE33FB /* WTKCommon.m in Sources */,
				9BD383821EA8B10E00CE33FB /* IQUIWindow+Hierarchy.m in Sources */,
				9B38B5721EB9E4FF00CD1ADA /* WTKGood.m in Sources */,
				9BFDA8EE1EA9AA7200BFD2FD /* WTKAnimationDefault.m in Sources */,
				9BFDA8F01EA9AA7200BFD2FD /* WTKAnimationKuGou.m in Sources */,
				9BF5F0FC1EBB3420005BBC48 /* UIButton+WTKBtn.m in Sources */,
				9BFDA9261EA9E07300BFD2FD /* WTKHomeVC.m in Sources */,
				9BFDA9571EAA060000BFD2FD /* WTKViewModelNavigationImpl.m in Sources */,
				9BD383841EA8B10E00CE33FB /* IQKeyboardReturnKeyHandler.m in Sources */,
				9BF5F0FE1EBB3420005BBC48 /* UIFont+WTK.m in Sources */,
				9BD383871EA8B10E00CE33FB /* IQBarButtonItem.m in Sources */,
				9BF55A981EA7813400CF3E9F /* AppDelegate.m in Sources */,
				9BF55A951EA7813400CF3E9F /* main.m in Sources */,
				9BD383B51EA8BE1700CE33FB /* WTKTabBarController.m in Sources */,
				9BFDA8F71EA9AB1C00BFD2FD /* WTKBasedViewController.m in Sources */,
				9BF5F0E21EBB0500005BBC48 /* WTKHomeHeadView.m in Sources */,
				9BF5F0FD1EBB3420005BBC48 /* UIColor+WTK.m in Sources */,
				9BD383801EA8B10E00CE33FB /* IQUIView+Hierarchy.m in Sources */,
				9BD3837F1EA8B10E00CE33FB /* IQUITextFieldView+Additions.m in Sources */,
				9BFDA9061EA9DA7B00BFD2FD /* RDVTabBarController.m in Sources */,
				9BFDA8F11EA9AA7200BFD2FD /* WTKAnimationOval.m in Sources */,
				9BD383851EA8B10E00CE33FB /* IQSegmentedNextPrevious.m in Sources */,
				9BFDA9051EA9DA7B00BFD2FD /* RDVTabBar.m in Sources */,
				9BFDA8FC1EA9B7D000BFD2FD /* RTRootNavigationController.m in Sources */,
			);
			runOnlyForDeploymentPostprocessing = 0;
		};
		9BF55AA51EA7813400CF3E9F /* Sources */ = {
			isa = PBXSourcesBuildPhase;
			buildActionMask = 2147483647;
			files = (
				9BF55AAE1EA7813400CF3E9F /* WTKWineNewTests.m in Sources */,
			);
			runOnlyForDeploymentPostprocessing = 0;
		};
		9BF55AB01EA7813400CF3E9F /* Sources */ = {
			isa = PBXSourcesBuildPhase;
			buildActionMask = 2147483647;
			files = (
				9BF55AB91EA7813400CF3E9F /* WTKWineNewUITests.m in Sources */,
			);
			runOnlyForDeploymentPostprocessing = 0;
		};
/* End PBXSourcesBuildPhase section */

/* Begin PBXTargetDependency section */
		9BF55AAB1EA7813400CF3E9F /* PBXTargetDependency */ = {
			isa = PBXTargetDependency;
			target = 9BF55A8F1EA7813400CF3E9F /* WTKWineNew */;
			targetProxy = 9BF55AAA1EA7813400CF3E9F /* PBXContainerItemProxy */;
		};
		9BF55AB61EA7813400CF3E9F /* PBXTargetDependency */ = {
			isa = PBXTargetDependency;
			target = 9BF55A8F1EA7813400CF3E9F /* WTKWineNew */;
			targetProxy = 9BF55AB51EA7813400CF3E9F /* PBXContainerItemProxy */;
		};
/* End PBXTargetDependency section */

/* Begin PBXVariantGroup section */
		9BF55AA11EA7813400CF3E9F /* LaunchScreen.storyboard */ = {
			isa = PBXVariantGroup;
			children = (
				9BF55AA21EA7813400CF3E9F /* Base */,
			);
			name = LaunchScreen.storyboard;
			sourceTree = "<group>";
		};
/* End PBXVariantGroup section */

/* Begin XCBuildConfiguration section */
		9BF55ABB1EA7813400CF3E9F /* Debug */ = {
			isa = XCBuildConfiguration;
			buildSettings = {
				ALWAYS_SEARCH_USER_PATHS = NO;
				CLANG_ANALYZER_NONNULL = YES;
				CLANG_CXX_LANGUAGE_STANDARD = "gnu++0x";
				CLANG_CXX_LIBRARY = "libc++";
				CLANG_ENABLE_MODULES = YES;
				CLANG_ENABLE_OBJC_ARC = YES;
				CLANG_WARN_BOOL_CONVERSION = YES;
				CLANG_WARN_CONSTANT_CONVERSION = YES;
				CLANG_WARN_DIRECT_OBJC_ISA_USAGE = YES_ERROR;
				CLANG_WARN_DOCUMENTATION_COMMENTS = YES;
				CLANG_WARN_EMPTY_BODY = YES;
				CLANG_WARN_ENUM_CONVERSION = YES;
				CLANG_WARN_INFINITE_RECURSION = YES;
				CLANG_WARN_INT_CONVERSION = YES;
				CLANG_WARN_OBJC_ROOT_CLASS = YES_ERROR;
				CLANG_WARN_SUSPICIOUS_MOVE = YES;
				CLANG_WARN_UNREACHABLE_CODE = YES;
				CLANG_WARN__DUPLICATE_METHOD_MATCH = YES;
				"CODE_SIGN_IDENTITY[sdk=iphoneos*]" = "iPhone Developer";
				COPY_PHASE_STRIP = NO;
				DEBUG_INFORMATION_FORMAT = dwarf;
				ENABLE_STRICT_OBJC_MSGSEND = YES;
				ENABLE_TESTABILITY = YES;
				GCC_C_LANGUAGE_STANDARD = gnu99;
				GCC_DYNAMIC_NO_PIC = NO;
				GCC_NO_COMMON_BLOCKS = YES;
				GCC_OPTIMIZATION_LEVEL = 0;
				GCC_PREPROCESSOR_DEFINITIONS = (
					"DEBUG=1",
					"$(inherited)",
				);
				GCC_WARN_64_TO_32_BIT_CONVERSION = YES;
				GCC_WARN_ABOUT_RETURN_TYPE = YES_ERROR;
				GCC_WARN_UNDECLARED_SELECTOR = YES;
				GCC_WARN_UNINITIALIZED_AUTOS = YES_AGGRESSIVE;
				GCC_WARN_UNUSED_FUNCTION = YES;
				GCC_WARN_UNUSED_VARIABLE = YES;
				IPHONEOS_DEPLOYMENT_TARGET = 10.2;
				MTL_ENABLE_DEBUG_INFO = YES;
				ONLY_ACTIVE_ARCH = YES;
				SDKROOT = iphoneos;
			};
			name = Debug;
		};
		9BF55ABC1EA7813400CF3E9F /* Release */ = {
			isa = XCBuildConfiguration;
			buildSettings = {
				ALWAYS_SEARCH_USER_PATHS = NO;
				CLANG_ANALYZER_NONNULL = YES;
				CLANG_CXX_LANGUAGE_STANDARD = "gnu++0x";
				CLANG_CXX_LIBRARY = "libc++";
				CLANG_ENABLE_MODULES = YES;
				CLANG_ENABLE_OBJC_ARC = YES;
				CLANG_WARN_BOOL_CONVERSION = YES;
				CLANG_WARN_CONSTANT_CONVERSION = YES;
				CLANG_WARN_DIRECT_OBJC_ISA_USAGE = YES_ERROR;
				CLANG_WARN_DOCUMENTATION_COMMENTS = YES;
				CLANG_WARN_EMPTY_BODY = YES;
				CLANG_WARN_ENUM_CONVERSION = YES;
				CLANG_WARN_INFINITE_RECURSION = YES;
				CLANG_WARN_INT_CONVERSION = YES;
				CLANG_WARN_OBJC_ROOT_CLASS = YES_ERROR;
				CLANG_WARN_SUSPICIOUS_MOVE = YES;
				CLANG_WARN_UNREACHABLE_CODE = YES;
				CLANG_WARN__DUPLICATE_METHOD_MATCH = YES;
				"CODE_SIGN_IDENTITY[sdk=iphoneos*]" = "iPhone Developer";
				COPY_PHASE_STRIP = NO;
				DEBUG_INFORMATION_FORMAT = "dwarf-with-dsym";
				ENABLE_NS_ASSERTIONS = NO;
				ENABLE_STRICT_OBJC_MSGSEND = YES;
				GCC_C_LANGUAGE_STANDARD = gnu99;
				GCC_NO_COMMON_BLOCKS = YES;
				GCC_WARN_64_TO_32_BIT_CONVERSION = YES;
				GCC_WARN_ABOUT_RETURN_TYPE = YES_ERROR;
				GCC_WARN_UNDECLARED_SELECTOR = YES;
				GCC_WARN_UNINITIALIZED_AUTOS = YES_AGGRESSIVE;
				GCC_WARN_UNUSED_FUNCTION = YES;
				GCC_WARN_UNUSED_VARIABLE = YES;
				IPHONEOS_DEPLOYMENT_TARGET = 10.2;
				MTL_ENABLE_DEBUG_INFO = NO;
				SDKROOT = iphoneos;
				VALIDATE_PRODUCT = YES;
			};
			name = Release;
		};
		9BF55ABE1EA7813400CF3E9F /* Debug */ = {
			isa = XCBuildConfiguration;
			baseConfigurationReference = 05CB1A91AB83283675EA8A6E /* Pods-WTKWineNew.debug.xcconfig */;
			buildSettings = {
				ASSETCATALOG_COMPILER_APPICON_NAME = AppIcon;
				INFOPLIST_FILE = WTKWineNew/Info.plist;
				LD_RUNPATH_SEARCH_PATHS = "$(inherited) @executable_path/Frameworks";
				PRODUCT_BUNDLE_IDENTIFIER = com.WTKWineNew;
				PRODUCT_NAME = "$(TARGET_NAME)";
			};
			name = Debug;
		};
		9BF55ABF1EA7813400CF3E9F /* Release */ = {
			isa = XCBuildConfiguration;
			baseConfigurationReference = 41522E3E3B1B254173B23BAC /* Pods-WTKWineNew.release.xcconfig */;
			buildSettings = {
				ASSETCATALOG_COMPILER_APPICON_NAME = AppIcon;
				INFOPLIST_FILE = WTKWineNew/Info.plist;
				LD_RUNPATH_SEARCH_PATHS = "$(inherited) @executable_path/Frameworks";
				PRODUCT_BUNDLE_IDENTIFIER = com.WTKWineNew;
				PRODUCT_NAME = "$(TARGET_NAME)";
			};
			name = Release;
		};
		9BF55AC11EA7813400CF3E9F /* Debug */ = {
			isa = XCBuildConfiguration;
			baseConfigurationReference = F3866D0A4AD1DC0FC48EF24C /* Pods-WTKWineNewTests.debug.xcconfig */;
			buildSettings = {
				BUNDLE_LOADER = "$(TEST_HOST)";
				INFOPLIST_FILE = WTKWineNewTests/Info.plist;
				LD_RUNPATH_SEARCH_PATHS = "$(inherited) @executable_path/Frameworks @loader_path/Frameworks";
				PRODUCT_BUNDLE_IDENTIFIER = com.WTKWineNewTests;
				PRODUCT_NAME = "$(TARGET_NAME)";
				TEST_HOST = "$(BUILT_PRODUCTS_DIR)/WTKWineNew.app/WTKWineNew";
			};
			name = Debug;
		};
		9BF55AC21EA7813400CF3E9F /* Release */ = {
			isa = XCBuildConfiguration;
			baseConfigurationReference = 047737C7E54DD182E1AC647F /* Pods-WTKWineNewTests.release.xcconfig */;
			buildSettings = {
				BUNDLE_LOADER = "$(TEST_HOST)";
				INFOPLIST_FILE = WTKWineNewTests/Info.plist;
				LD_RUNPATH_SEARCH_PATHS = "$(inherited) @executable_path/Frameworks @loader_path/Frameworks";
				PRODUCT_BUNDLE_IDENTIFIER = com.WTKWineNewTests;
				PRODUCT_NAME = "$(TARGET_NAME)";
				TEST_HOST = "$(BUILT_PRODUCTS_DIR)/WTKWineNew.app/WTKWineNew";
			};
			name = Release;
		};
		9BF55AC41EA7813400CF3E9F /* Debug */ = {
			isa = XCBuildConfiguration;
			baseConfigurationReference = 77F015573FE72969E3714826 /* Pods-WTKWineNewUITests.debug.xcconfig */;
			buildSettings = {
				INFOPLIST_FILE = WTKWineNewUITests/Info.plist;
				LD_RUNPATH_SEARCH_PATHS = "$(inherited) @executable_path/Frameworks @loader_path/Frameworks";
				PRODUCT_BUNDLE_IDENTIFIER = com.WTKWineNewUITests;
				PRODUCT_NAME = "$(TARGET_NAME)";
				TEST_TARGET_NAME = WTKWineNew;
			};
			name = Debug;
		};
		9BF55AC51EA7813400CF3E9F /* Release */ = {
			isa = XCBuildConfiguration;
			baseConfigurationReference = D218164F20E75014410D774B /* Pods-WTKWineNewUITests.release.xcconfig */;
			buildSettings = {
				INFOPLIST_FILE = WTKWineNewUITests/Info.plist;
				LD_RUNPATH_SEARCH_PATHS = "$(inherited) @executable_path/Frameworks @loader_path/Frameworks";
				PRODUCT_BUNDLE_IDENTIFIER = com.WTKWineNewUITests;
				PRODUCT_NAME = "$(TARGET_NAME)";
				TEST_TARGET_NAME = WTKWineNew;
			};
			name = Release;
		};
/* End XCBuildConfiguration section */

/* Begin XCConfigurationList section */
		9BF55A8B1EA7813400CF3E9F /* Build configuration list for PBXProject "WTKWineNew" */ = {
			isa = XCConfigurationList;
			buildConfigurations = (
				9BF55ABB1EA7813400CF3E9F /* Debug */,
				9BF55ABC1EA7813400CF3E9F /* Release */,
			);
			defaultConfigurationIsVisible = 0;
			defaultConfigurationName = Release;
		};
		9BF55ABD1EA7813400CF3E9F /* Build configuration list for PBXNativeTarget "WTKWineNew" */ = {
			isa = XCConfigurationList;
			buildConfigurations = (
				9BF55ABE1EA7813400CF3E9F /* Debug */,
				9BF55ABF1EA7813400CF3E9F /* Release */,
			);
			defaultConfigurationIsVisible = 0;
			defaultConfigurationName = Release;
		};
		9BF55AC01EA7813400CF3E9F /* Build configuration list for PBXNativeTarget "WTKWineNewTests" */ = {
			isa = XCConfigurationList;
			buildConfigurations = (
				9BF55AC11EA7813400CF3E9F /* Debug */,
				9BF55AC21EA7813400CF3E9F /* Release */,
			);
			defaultConfigurationIsVisible = 0;
			defaultConfigurationName = Release;
		};
		9BF55AC31EA7813400CF3E9F /* Build configuration list for PBXNativeTarget "WTKWineNewUITests" */ = {
			isa = XCConfigurationList;
			buildConfigurations = (
				9BF55AC41EA7813400CF3E9F /* Debug */,
				9BF55AC51EA7813400CF3E9F /* Release */,
			);
			defaultConfigurationIsVisible = 0;
			defaultConfigurationName = Release;
		};
/* End XCConfigurationList section */
	};
	rootObject = 9BF55A881EA7813400CF3E9F /* Project object */;
}
